// !$*UTF8*$!
{
	archiveVersion = 1;
	classes = {
	};
	objectVersion = 56;
	objects = {

/* Begin PBXBuildFile section */
		1BA86D362C2BC49F006CEEBB /* WeSplitApp.swift in Sources */ = {isa = PBXBuildFile; fileRef = 1BA86D352C2BC49F006CEEBB /* WeSplitApp.swift */; };
		1BA86D382C2BC49F006CEEBB /* ContentView.swift in Sources */ = {isa = PBXBuildFile; fileRef = 1BA86D372C2BC49F006CEEBB /* ContentView.swift */; };
		1BA86D3A2C2BC4A1006CEEBB /* Assets.xcassets in Resources */ = {isa = PBXBuildFile; fileRef = 1BA86D392C2BC4A1006CEEBB /* Assets.xcassets */; };
		1BA86D3D2C2BC4A1006CEEBB /* Preview Assets.xcassets in Resources */ = {isa = PBXBuildFile; fileRef = 1BA86D3C2C2BC4A1006CEEBB /* Preview Assets.xcassets */; };
		1BA86D442C2D08DF006CEEBB /* TempConv.swift in Sources */ = {isa = PBXBuildFile; fileRef = 1BA86D432C2D08DF006CEEBB /* TempConv.swift */; };
		1BA86D462C2D3CEB006CEEBB /* GuessTheFlag.swift in Sources */ = {isa = PBXBuildFile; fileRef = 1BA86D452C2D3CEB006CEEBB /* GuessTheFlag.swift */; };
		1BA86D4A2C2D6209006CEEBB /* button.swift in Sources */ = {isa = PBXBuildFile; fileRef = 1BA86D492C2D6209006CEEBB /* button.swift */; };
		E7AB15022C2DA0490020F7EA /* GuessFlag2.swift in Sources */ = {isa = PBXBuildFile; fileRef = E7AB15012C2DA0490020F7EA /* GuessFlag2.swift */; };
		E7AB15052C2E4F1C0020F7EA /* ViewsAndModifiers.swift in Sources */ = {isa = PBXBuildFile; fileRef = E7AB15042C2E4F1C0020F7EA /* ViewsAndModifiers.swift */; };
		E7AB15072C2E84820020F7EA /* CustomContainer.swift in Sources */ = {isa = PBXBuildFile; fileRef = E7AB15062C2E84820020F7EA /* CustomContainer.swift */; };
		E7AB150A2C2EA1D30020F7EA /* challeng_c2.swift in Sources */ = {isa = PBXBuildFile; fileRef = E7AB15092C2EA1D30020F7EA /* challeng_c2.swift */; };
		E7AB150E2C2ECA7B0020F7EA /* BetterRest.swift in Sources */ = {isa = PBXBuildFile; fileRef = E7AB150D2C2ECA7B0020F7EA /* BetterRest.swift */; };
		E7AB15102C2F9EF50020F7EA /* SleepCalculator.mlmodel in Sources */ = {isa = PBXBuildFile; fileRef = E7AB150F2C2F9EF50020F7EA /* SleepCalculator.mlmodel */; };
		E7AB15132C2FB1590020F7EA /* WordScramble.swift in Sources */ = {isa = PBXBuildFile; fileRef = E7AB15122C2FB1590020F7EA /* WordScramble.swift */; };
		E7AB15152C2FDCF00020F7EA /* start.txt in Resources */ = {isa = PBXBuildFile; fileRef = E7AB15142C2FDCF00020F7EA /* start.txt */; };
		E7AB152B2C3027280020F7EA /* AnimationTest.swift in Sources */ = {isa = PBXBuildFile; fileRef = E7AB152A2C3027280020F7EA /* AnimationTest.swift */; };
		E7AB152D2C3137BC0020F7EA /* AnimationTest2.swift in Sources */ = {isa = PBXBuildFile; fileRef = E7AB152C2C3137BC0020F7EA /* AnimationTest2.swift */; };
		E7AB152F2C31462A0020F7EA /* proj6ch.swift in Sources */ = {isa = PBXBuildFile; fileRef = E7AB152E2C31462A0020F7EA /* proj6ch.swift */; };
/* End PBXBuildFile section */

/* Begin PBXFileReference section */
		1BA86D322C2BC49F006CEEBB /* WeSplit.app */ = {isa = PBXFileReference; explicitFileType = wrapper.application; includeInIndex = 0; path = WeSplit.app; sourceTree = BUILT_PRODUCTS_DIR; };
		1BA86D352C2BC49F006CEEBB /* WeSplitApp.swift */ = {isa = PBXFileReference; lastKnownFileType = sourcecode.swift; path = WeSplitApp.swift; sourceTree = "<group>"; };
		1BA86D372C2BC49F006CEEBB /* ContentView.swift */ = {isa = PBXFileReference; lastKnownFileType = sourcecode.swift; path = ContentView.swift; sourceTree = "<group>"; };
		1BA86D392C2BC4A1006CEEBB /* Assets.xcassets */ = {isa = PBXFileReference; lastKnownFileType = folder.assetcatalog; path = Assets.xcassets; sourceTree = "<group>"; };
		1BA86D3C2C2BC4A1006CEEBB /* Preview Assets.xcassets */ = {isa = PBXFileReference; lastKnownFileType = folder.assetcatalog; path = "Preview Assets.xcassets"; sourceTree = "<group>"; };
		1BA86D432C2D08DF006CEEBB /* TempConv.swift */ = {isa = PBXFileReference; lastKnownFileType = sourcecode.swift; path = TempConv.swift; sourceTree = "<group>"; };
		1BA86D452C2D3CEB006CEEBB /* GuessTheFlag.swift */ = {isa = PBXFileReference; lastKnownFileType = sourcecode.swift; path = GuessTheFlag.swift; sourceTree = "<group>"; };
		1BA86D492C2D6209006CEEBB /* button.swift */ = {isa = PBXFileReference; lastKnownFileType = sourcecode.swift; path = button.swift; sourceTree = "<group>"; };
		E7AB15012C2DA0490020F7EA /* GuessFlag2.swift */ = {isa = PBXFileReference; lastKnownFileType = sourcecode.swift; path = GuessFlag2.swift; sourceTree = "<group>"; };
		E7AB15042C2E4F1C0020F7EA /* ViewsAndModifiers.swift */ = {isa = PBXFileReference; lastKnownFileType = sourcecode.swift; path = ViewsAndModifiers.swift; sourceTree = "<group>"; };
		E7AB15062C2E84820020F7EA /* CustomContainer.swift */ = {isa = PBXFileReference; lastKnownFileType = sourcecode.swift; path = CustomContainer.swift; sourceTree = "<group>"; };
		E7AB15092C2EA1D30020F7EA /* challeng_c2.swift */ = {isa = PBXFileReference; lastKnownFileType = sourcecode.swift; path = challeng_c2.swift; sourceTree = "<group>"; };
		E7AB150D2C2ECA7B0020F7EA /* BetterRest.swift */ = {isa = PBXFileReference; lastKnownFileType = sourcecode.swift; path = BetterRest.swift; sourceTree = "<group>"; };
		E7AB150F2C2F9EF50020F7EA /* SleepCalculator.mlmodel */ = {isa = PBXFileReference; lastKnownFileType = file.mlmodel; path = SleepCalculator.mlmodel; sourceTree = "<group>"; };
		E7AB15122C2FB1590020F7EA /* WordScramble.swift */ = {isa = PBXFileReference; lastKnownFileType = sourcecode.swift; path = WordScramble.swift; sourceTree = "<group>"; };
		E7AB15142C2FDCF00020F7EA /* start.txt */ = {isa = PBXFileReference; fileEncoding = 4; lastKnownFileType = text; path = start.txt; sourceTree = "<group>"; };
		E7AB152A2C3027280020F7EA /* AnimationTest.swift */ = {isa = PBXFileReference; lastKnownFileType = sourcecode.swift; path = AnimationTest.swift; sourceTree = "<group>"; };
		E7AB152C2C3137BC0020F7EA /* AnimationTest2.swift */ = {isa = PBXFileReference; lastKnownFileType = sourcecode.swift; path = AnimationTest2.swift; sourceTree = "<group>"; };
		E7AB152E2C31462A0020F7EA /* proj6ch.swift */ = {isa = PBXFileReference; lastKnownFileType = sourcecode.swift; path = proj6ch.swift; sourceTree = "<group>"; };
/* End PBXFileReference section */

/* Begin PBXFrameworksBuildPhase section */
		1BA86D2F2C2BC49F006CEEBB /* Frameworks */ = {
			isa = PBXFrameworksBuildPhase;
			buildActionMask = 2147483647;
			files = (
			);
			runOnlyForDeploymentPostprocessing = 0;
		};
/* End PBXFrameworksBuildPhase section */

/* Begin PBXGroup section */
		1BA86D292C2BC49F006CEEBB = {
			isa = PBXGroup;
			children = (
				E7AB15292C3027110020F7EA /* proj6 */,
				E7AB15112C2FB1360020F7EA /* proj5 */,
				E7AB150B2C2EC1AE0020F7EA /* proj4 */,
				1BA86D342C2BC49F006CEEBB /* WeSplit */,
				1BA86D332C2BC49F006CEEBB /* Products */,
			);
			sourceTree = "<group>";
		};
		1BA86D332C2BC49F006CEEBB /* Products */ = {
			isa = PBXGroup;
			children = (
				1BA86D322C2BC49F006CEEBB /* WeSplit.app */,
			);
			name = Products;
			sourceTree = "<group>";
		};
		1BA86D342C2BC49F006CEEBB /* WeSplit */ = {
			isa = PBXGroup;
			children = (
				E7AB15082C2EA1AF0020F7EA /* Consolidation2 */,
				E7AB15032C2E4F080020F7EA /* proj3 */,
				1BA86D472C2D5EAC006CEEBB /* proj2 */,
				1BA86D352C2BC49F006CEEBB /* WeSplitApp.swift */,
				1BA86D372C2BC49F006CEEBB /* ContentView.swift */,
				1BA86D432C2D08DF006CEEBB /* TempConv.swift */,
				1BA86D392C2BC4A1006CEEBB /* Assets.xcassets */,
				1BA86D3B2C2BC4A1006CEEBB /* Preview Content */,
			);
			path = WeSplit;
			sourceTree = "<group>";
		};
		1BA86D3B2C2BC4A1006CEEBB /* Preview Content */ = {
			isa = PBXGroup;
			children = (
				E7AB150F2C2F9EF50020F7EA /* SleepCalculator.mlmodel */,
				1BA86D3C2C2BC4A1006CEEBB /* Preview Assets.xcassets */,
				E7AB15142C2FDCF00020F7EA /* start.txt */,
			);
			path = "Preview Content";
			sourceTree = "<group>";
		};
		1BA86D472C2D5EAC006CEEBB /* proj2 */ = {
			isa = PBXGroup;
			children = (
				1BA86D452C2D3CEB006CEEBB /* GuessTheFlag.swift */,
				1BA86D492C2D6209006CEEBB /* button.swift */,
				E7AB15012C2DA0490020F7EA /* GuessFlag2.swift */,
			);
			path = proj2;
			sourceTree = "<group>";
		};
		E7AB15032C2E4F080020F7EA /* proj3 */ = {
			isa = PBXGroup;
			children = (
				E7AB15042C2E4F1C0020F7EA /* ViewsAndModifiers.swift */,
				E7AB15062C2E84820020F7EA /* CustomContainer.swift */,
			);
			path = proj3;
			sourceTree = "<group>";
		};
		E7AB15082C2EA1AF0020F7EA /* Consolidation2 */ = {
			isa = PBXGroup;
			children = (
				E7AB15092C2EA1D30020F7EA /* challeng_c2.swift */,
			);
			path = Consolidation2;
			sourceTree = "<group>";
		};
		E7AB150B2C2EC1AE0020F7EA /* proj4 */ = {
			isa = PBXGroup;
			children = (
				E7AB150C2C2EC1F20020F7EA /* BetterRest */,
			);
			path = proj4;
			sourceTree = "<group>";
		};
		E7AB150C2C2EC1F20020F7EA /* BetterRest */ = {
			isa = PBXGroup;
			children = (
				E7AB150D2C2ECA7B0020F7EA /* BetterRest.swift */,
			);
			path = BetterRest;
			sourceTree = "<group>";
		};
		E7AB15112C2FB1360020F7EA /* proj5 */ = {
			isa = PBXGroup;
			children = (
				E7AB15122C2FB1590020F7EA /* WordScramble.swift */,
			);
			path = proj5;
			sourceTree = "<group>";
		};
		E7AB15292C3027110020F7EA /* proj6 */ = {
			isa = PBXGroup;
			children = (
				E7AB152A2C3027280020F7EA /* AnimationTest.swift */,
				E7AB152C2C3137BC0020F7EA /* AnimationTest2.swift */,
				E7AB152E2C31462A0020F7EA /* proj6ch.swift */,
			);
			path = proj6;
			sourceTree = "<group>";
		};
/* End PBXGroup section */

/* Begin PBXNativeTarget section */
		1BA86D312C2BC49F006CEEBB /* WeSplit */ = {
			isa = PBXNativeTarget;
			buildConfigurationList = 1BA86D402C2BC4A1006CEEBB /* Build configuration list for PBXNativeTarget "WeSplit" */;
			buildPhases = (
				1BA86D2E2C2BC49F006CEEBB /* Sources */,
				1BA86D2F2C2BC49F006CEEBB /* Frameworks */,
				1BA86D302C2BC49F006CEEBB /* Resources */,
			);
			buildRules = (
			);
			dependencies = (
			);
			name = WeSplit;
			productName = WeSplit;
			productReference = 1BA86D322C2BC49F006CEEBB /* WeSplit.app */;
			productType = "com.apple.product-type.application";
		};
/* End PBXNativeTarget section */

/* Begin PBXProject section */
		1BA86D2A2C2BC49F006CEEBB /* Project object */ = {
			isa = PBXProject;
			attributes = {
				BuildIndependentTargetsInParallel = 1;
				LastSwiftUpdateCheck = 1540;
				LastUpgradeCheck = 1540;
				TargetAttributes = {
					1BA86D312C2BC49F006CEEBB = {
						CreatedOnToolsVersion = 15.4;
					};
				};
			};
			buildConfigurationList = 1BA86D2D2C2BC49F006CEEBB /* Build configuration list for PBXProject "WeSplit" */;
			compatibilityVersion = "Xcode 14.0";
			developmentRegion = en;
			hasScannedForEncodings = 0;
			knownRegions = (
				en,
				Base,
			);
			mainGroup = 1BA86D292C2BC49F006CEEBB;
			productRefGroup = 1BA86D332C2BC49F006CEEBB /* Products */;
			projectDirPath = "";
			projectRoot = "";
			targets = (
				1BA86D312C2BC49F006CEEBB /* WeSplit */,
			);
		};
/* End PBXProject section */

/* Begin PBXResourcesBuildPhase section */
		1BA86D302C2BC49F006CEEBB /* Resources */ = {
			isa = PBXResourcesBuildPhase;
			buildActionMask = 2147483647;
			files = (
				1BA86D3D2C2BC4A1006CEEBB /* Preview Assets.xcassets in Resources */,
				E7AB15152C2FDCF00020F7EA /* start.txt in Resources */,
				1BA86D3A2C2BC4A1006CEEBB /* Assets.xcassets in Resources */,
			);
			runOnlyForDeploymentPostprocessing = 0;
		};
/* End PBXResourcesBuildPhase section */

/* Begin PBXSourcesBuildPhase section */
		1BA86D2E2C2BC49F006CEEBB /* Sources */ = {
			isa = PBXSourcesBuildPhase;
			buildActionMask = 2147483647;
			files = (
				1BA86D442C2D08DF006CEEBB /* TempConv.swift in Sources */,
				1BA86D4A2C2D6209006CEEBB /* button.swift in Sources */,
				E7AB15132C2FB1590020F7EA /* WordScramble.swift in Sources */,
				1BA86D382C2BC49F006CEEBB /* ContentView.swift in Sources */,
				E7AB152B2C3027280020F7EA /* AnimationTest.swift in Sources */,
				E7AB150E2C2ECA7B0020F7EA /* BetterRest.swift in Sources */,
				E7AB150A2C2EA1D30020F7EA /* challeng_c2.swift in Sources */,
				E7AB152F2C31462A0020F7EA /* proj6ch.swift in Sources */,
				E7AB15052C2E4F1C0020F7EA /* ViewsAndModifiers.swift in Sources */,
				1BA86D362C2BC49F006CEEBB /* WeSplitApp.swift in Sources */,
				E7AB15022C2DA0490020F7EA /* GuessFlag2.swift in Sources */,
				E7AB15102C2F9EF50020F7EA /* SleepCalculator.mlmodel in Sources */,
				E7AB152D2C3137BC0020F7EA /* AnimationTest2.swift in Sources */,
				E7AB15072C2E84820020F7EA /* CustomContainer.swift in Sources */,
				1BA86D462C2D3CEB006CEEBB /* GuessTheFlag.swift in Sources */,
			);
			runOnlyForDeploymentPostprocessing = 0;
		};
/* End PBXSourcesBuildPhase section */

/* Begin XCBuildConfiguration section */
		1BA86D3E2C2BC4A1006CEEBB /* Debug */ = {
			isa = XCBuildConfiguration;
			buildSettings = {
				ALWAYS_SEARCH_USER_PATHS = NO;
				ASSETCATALOG_COMPILER_GENERATE_SWIFT_ASSET_SYMBOL_EXTENSIONS = YES;
				CLANG_ANALYZER_NONNULL = YES;
				CLANG_ANALYZER_NUMBER_OBJECT_CONVERSION = YES_AGGRESSIVE;
				CLANG_CXX_LANGUAGE_STANDARD = "gnu++20";
				CLANG_ENABLE_MODULES = YES;
				CLANG_ENABLE_OBJC_ARC = YES;
				CLANG_ENABLE_OBJC_WEAK = YES;
				CLANG_WARN_BLOCK_CAPTURE_AUTORELEASING = YES;
				CLANG_WARN_BOOL_CONVERSION = YES;
				CLANG_WARN_COMMA = YES;
				CLANG_WARN_CONSTANT_CONVERSION = YES;
				CLANG_WARN_DEPRECATED_OBJC_IMPLEMENTATIONS = YES;
				CLANG_WARN_DIRECT_OBJC_ISA_USAGE = YES_ERROR;
				CLANG_WARN_DOCUMENTATION_COMMENTS = YES;
				CLANG_WARN_EMPTY_BODY = YES;
				CLANG_WARN_ENUM_CONVERSION = YES;
				CLANG_WARN_INFINITE_RECURSION = YES;
				CLANG_WARN_INT_CONVERSION = YES;
				CLANG_WARN_NON_LITERAL_NULL_CONVERSION = YES;
				CLANG_WARN_OBJC_IMPLICIT_RETAIN_SELF = YES;
				CLANG_WARN_OBJC_LITERAL_CONVERSION = YES;
				CLANG_WARN_OBJC_ROOT_CLASS = YES_ERROR;
				CLANG_WARN_QUOTED_INCLUDE_IN_FRAMEWORK_HEADER = YES;
				CLANG_WARN_RANGE_LOOP_ANALYSIS = YES;
				CLANG_WARN_STRICT_PROTOTYPES = YES;
				CLANG_WARN_SUSPICIOUS_MOVE = YES;
				CLANG_WARN_UNGUARDED_AVAILABILITY = YES_AGGRESSIVE;
				CLANG_WARN_UNREACHABLE_CODE = YES;
				CLANG_WARN__DUPLICATE_METHOD_MATCH = YES;
				COPY_PHASE_STRIP = NO;
				DEBUG_INFORMATION_FORMAT = dwarf;
				ENABLE_STRICT_OBJC_MSGSEND = YES;
				ENABLE_TESTABILITY = YES;
				ENABLE_USER_SCRIPT_SANDBOXING = YES;
				GCC_C_LANGUAGE_STANDARD = gnu17;
				GCC_DYNAMIC_NO_PIC = NO;
				GCC_NO_COMMON_BLOCKS = YES;
				GCC_OPTIMIZATION_LEVEL = 0;
				GCC_PREPROCESSOR_DEFINITIONS = (
					"DEBUG=1",
					"$(inherited)",
				);
				GCC_WARN_64_TO_32_BIT_CONVERSION = YES;
				GCC_WARN_ABOUT_RETURN_TYPE = YES_ERROR;
				GCC_WARN_UNDECLARED_SELECTOR = YES;
				GCC_WARN_UNINITIALIZED_AUTOS = YES_AGGRESSIVE;
				GCC_WARN_UNUSED_FUNCTION = YES;
				GCC_WARN_UNUSED_VARIABLE = YES;
				IPHONEOS_DEPLOYMENT_TARGET = 17.5;
				LOCALIZATION_PREFERS_STRING_CATALOGS = YES;
				MTL_ENABLE_DEBUG_INFO = INCLUDE_SOURCE;
				MTL_FAST_MATH = YES;
				ONLY_ACTIVE_ARCH = YES;
				SDKROOT = iphoneos;
				SWIFT_ACTIVE_COMPILATION_CONDITIONS = "DEBUG $(inherited)";
				SWIFT_OPTIMIZATION_LEVEL = "-Onone";
			};
			name = Debug;
		};
		1BA86D3F2C2BC4A1006CEEBB /* Release */ = {
			isa = XCBuildConfiguration;
			buildSettings = {
				ALWAYS_SEARCH_USER_PATHS = NO;
				ASSETCATALOG_COMPILER_GENERATE_SWIFT_ASSET_SYMBOL_EXTENSIONS = YES;
				CLANG_ANALYZER_NONNULL = YES;
				CLANG_ANALYZER_NUMBER_OBJECT_CONVERSION = YES_AGGRESSIVE;
				CLANG_CXX_LANGUAGE_STANDARD = "gnu++20";
				CLANG_ENABLE_MODULES = YES;
				CLANG_ENABLE_OBJC_ARC = YES;
				CLANG_ENABLE_OBJC_WEAK = YES;
				CLANG_WARN_BLOCK_CAPTURE_AUTORELEASING = YES;
				CLANG_WARN_BOOL_CONVERSION = YES;
				CLANG_WARN_COMMA = YES;
				CLANG_WARN_CONSTANT_CONVERSION = YES;
				CLANG_WARN_DEPRECATED_OBJC_IMPLEMENTATIONS = YES;
				CLANG_WARN_DIRECT_OBJC_ISA_USAGE = YES_ERROR;
				CLANG_WARN_DOCUMENTATION_COMMENTS = YES;
				CLANG_WARN_EMPTY_BODY = YES;
				CLANG_WARN_ENUM_CONVERSION = YES;
				CLANG_WARN_INFINITE_RECURSION = YES;
				CLANG_WARN_INT_CONVERSION = YES;
				CLANG_WARN_NON_LITERAL_NULL_CONVERSION = YES;
				CLANG_WARN_OBJC_IMPLICIT_RETAIN_SELF = YES;
				CLANG_WARN_OBJC_LITERAL_CONVERSION = YES;
				CLANG_WARN_OBJC_ROOT_CLASS = YES_ERROR;
				CLANG_WARN_QUOTED_INCLUDE_IN_FRAMEWORK_HEADER = YES;
				CLANG_WARN_RANGE_LOOP_ANALYSIS = YES;
				CLANG_WARN_STRICT_PROTOTYPES = YES;
				CLANG_WARN_SUSPICIOUS_MOVE = YES;
				CLANG_WARN_UNGUARDED_AVAILABILITY = YES_AGGRESSIVE;
				CLANG_WARN_UNREACHABLE_CODE = YES;
				CLANG_WARN__DUPLICATE_METHOD_MATCH = YES;
				COPY_PHASE_STRIP = NO;
				DEBUG_INFORMATION_FORMAT = "dwarf-with-dsym";
				ENABLE_NS_ASSERTIONS = NO;
				ENABLE_STRICT_OBJC_MSGSEND = YES;
				ENABLE_USER_SCRIPT_SANDBOXING = YES;
				GCC_C_LANGUAGE_STANDARD = gnu17;
				GCC_NO_COMMON_BLOCKS = YES;
				GCC_WARN_64_TO_32_BIT_CONVERSION = YES;
				GCC_WARN_ABOUT_RETURN_TYPE = YES_ERROR;
				GCC_WARN_UNDECLARED_SELECTOR = YES;
				GCC_WARN_UNINITIALIZED_AUTOS = YES_AGGRESSIVE;
				GCC_WARN_UNUSED_FUNCTION = YES;
				GCC_WARN_UNUSED_VARIABLE = YES;
				IPHONEOS_DEPLOYMENT_TARGET = 17.5;
				LOCALIZATION_PREFERS_STRING_CATALOGS = YES;
				MTL_ENABLE_DEBUG_INFO = NO;
				MTL_FAST_MATH = YES;
				SDKROOT = iphoneos;
				SWIFT_COMPILATION_MODE = wholemodule;
				VALIDATE_PRODUCT = YES;
			};
			name = Release;
		};
		1BA86D412C2BC4A1006CEEBB /* Debug */ = {
			isa = XCBuildConfiguration;
			buildSettings = {
				ASSETCATALOG_COMPILER_APPICON_NAME = AppIcon;
				ASSETCATALOG_COMPILER_GLOBAL_ACCENT_COLOR_NAME = AccentColor;
				CODE_SIGN_STYLE = Automatic;
				CURRENT_PROJECT_VERSION = 1;
				DEVELOPMENT_ASSET_PATHS = "\"WeSplit/Preview Content\"";
				DEVELOPMENT_TEAM = NVJ3577YKF;
				ENABLE_PREVIEWS = YES;
				GENERATE_INFOPLIST_FILE = YES;
				INFOPLIST_KEY_UIApplicationSceneManifest_Generation = YES;
				INFOPLIST_KEY_UIApplicationSupportsIndirectInputEvents = YES;
				INFOPLIST_KEY_UILaunchScreen_Generation = YES;
				INFOPLIST_KEY_UISupportedInterfaceOrientations_iPad = "UIInterfaceOrientationPortrait UIInterfaceOrientationPortraitUpsideDown UIInterfaceOrientationLandscapeLeft UIInterfaceOrientationLandscapeRight";
				INFOPLIST_KEY_UISupportedInterfaceOrientations_iPhone = "UIInterfaceOrientationPortrait UIInterfaceOrientationLandscapeLeft UIInterfaceOrientationLandscapeRight";
				LD_RUNPATH_SEARCH_PATHS = (
					"$(inherited)",
					"@executable_path/Frameworks",
				);
				MARKETING_VERSION = 1.0;
				PRODUCT_BUNDLE_IDENTIFIER = K.WeSplit;
				PRODUCT_NAME = "$(TARGET_NAME)";
				SWIFT_EMIT_LOC_STRINGS = YES;
				SWIFT_VERSION = 5.0;
				TARGETED_DEVICE_FAMILY = "1,2";
			};
			name = Debug;
		};
		1BA86D422C2BC4A1006CEEBB /* Release */ = {
			isa = XCBuildConfiguration;
			buildSettings = {
				ASSETCATALOG_COMPILER_APPICON_NAME = AppIcon;
				ASSETCATALOG_COMPILER_GLOBAL_ACCENT_COLOR_NAME = AccentColor;
				CODE_SIGN_STYLE = Automatic;
				CURRENT_PROJECT_VERSION = 1;
				DEVELOPMENT_ASSET_PATHS = "\"WeSplit/Preview Content\"";
				DEVELOPMENT_TEAM = NVJ3577YKF;
				ENABLE_PREVIEWS = YES;
				GENERATE_INFOPLIST_FILE = YES;
				INFOPLIST_KEY_UIApplicationSceneManifest_Generation = YES;
				INFOPLIST_KEY_UIApplicationSupportsIndirectInputEvents = YES;
				INFOPLIST_KEY_UILaunchScreen_Generation = YES;
				INFOPLIST_KEY_UISupportedInterfaceOrientations_iPad = "UIInterfaceOrientationPortrait UIInterfaceOrientationPortraitUpsideDown UIInterfaceOrientationLandscapeLeft UIInterfaceOrientationLandscapeRight";
				INFOPLIST_KEY_UISupportedInterfaceOrientations_iPhone = "UIInterfaceOrientationPortrait UIInterfaceOrientationLandscapeLeft UIInterfaceOrientationLandscapeRight";
				LD_RUNPATH_SEARCH_PATHS = (
					"$(inherited)",
					"@executable_path/Frameworks",
				);
				MARKETING_VERSION = 1.0;
				PRODUCT_BUNDLE_IDENTIFIER = K.WeSplit;
				PRODUCT_NAME = "$(TARGET_NAME)";
				SWIFT_EMIT_LOC_STRINGS = YES;
				SWIFT_VERSION = 5.0;
				TARGETED_DEVICE_FAMILY = "1,2";
			};
			name = Release;
		};
/* End XCBuildConfiguration section */

/* Begin XCConfigurationList section */
		1BA86D2D2C2BC49F006CEEBB /* Build configuration list for PBXProject "WeSplit" */ = {
			isa = XCConfigurationList;
			buildConfigurations = (
				1BA86D3E2C2BC4A1006CEEBB /* Debug */,
				1BA86D3F2C2BC4A1006CEEBB /* Release */,
			);
			defaultConfigurationIsVisible = 0;
			defaultConfigurationName = Release;
		};
		1BA86D402C2BC4A1006CEEBB /* Build configuration list for PBXNativeTarget "WeSplit" */ = {
			isa = XCConfigurationList;
			buildConfigurations = (
				1BA86D412C2BC4A1006CEEBB /* Debug */,
				1BA86D422C2BC4A1006CEEBB /* Release */,
			);
			defaultConfigurationIsVisible = 0;
			defaultConfigurationName = Release;
		};
/* End XCConfigurationList section */
	};
	rootObject = 1BA86D2A2C2BC49F006CEEBB /* Project object */;
}
