// !$*UTF8*$!
{
	archiveVersion = 1;
	classes = {
	};
	objectVersion = 56;
	objects = {

/* Begin PBXBuildFile section */
		1B0344E42C34F6B00049A645 /* proj9navigationtest3.swift in Sources */ = {isa = PBXBuildFile; fileRef = 1B0344E32C34F6B00049A645 /* proj9navigationtest3.swift */; };
		1B0344E62C34FF1D0049A645 /* proj9ch4iExpense.swift in Sources */ = {isa = PBXBuildFile; fileRef = 1B0344E52C34FF1D0049A645 /* proj9ch4iExpense.swift */; };
		1B0344E82C3502F60049A645 /* ttttt.swift in Sources */ = {isa = PBXBuildFile; fileRef = 1B0344E72C3502F60049A645 /* ttttt.swift */; };
		1B0344EA2C350E4C0049A645 /* proj9ch4moonshot.swift in Sources */ = {isa = PBXBuildFile; fileRef = 1B0344E92C350E4C0049A645 /* proj9ch4moonshot.swift */; };
		1B0344ED2C35431C0049A645 /* HabitTracker.swift in Sources */ = {isa = PBXBuildFile; fileRef = 1B0344EC2C35431C0049A645 /* HabitTracker.swift */; };
		1B4D7D7B2C369642006CDD0D /* Book.swift in Sources */ = {isa = PBXBuildFile; fileRef = 1B4D7D7A2C369642006CDD0D /* Book.swift */; };
		1B4D7D992C369842006CDD0D /* AddBookView.swift in Sources */ = {isa = PBXBuildFile; fileRef = 1B4D7D982C369842006CDD0D /* AddBookView.swift */; };
		1B4D7D9B2C369D04006CDD0D /* RatingView.swift in Sources */ = {isa = PBXBuildFile; fileRef = 1B4D7D9A2C369D04006CDD0D /* RatingView.swift */; };
		1B4D7D9D2C369FCC006CDD0D /* EmojiRatingView.swift in Sources */ = {isa = PBXBuildFile; fileRef = 1B4D7D9C2C369FCC006CDD0D /* EmojiRatingView.swift */; };
		1B4D7DBB2C36A1BB006CDD0D /* DetailView.swift in Sources */ = {isa = PBXBuildFile; fileRef = 1B4D7DBA2C36A1BB006CDD0D /* DetailView.swift */; };
		1B4D7DBE2C378E71006CDD0D /* SwiftDataProject.swift in Sources */ = {isa = PBXBuildFile; fileRef = 1B4D7DBD2C378E71006CDD0D /* SwiftDataProject.swift */; };
		1B4D7DC02C37A30B006CDD0D /* User.swift in Sources */ = {isa = PBXBuildFile; fileRef = 1B4D7DBF2C37A30B006CDD0D /* User.swift */; };
		1B4D7DC22C37A393006CDD0D /* EditUserP12View.swift in Sources */ = {isa = PBXBuildFile; fileRef = 1B4D7DC12C37A393006CDD0D /* EditUserP12View.swift */; };
		1B4D7DC42C37A6C5006CDD0D /* UsersView.swift in Sources */ = {isa = PBXBuildFile; fileRef = 1B4D7DC32C37A6C5006CDD0D /* UsersView.swift */; };
		1B66A47A2C364B8C007AB923 /* Order.swift in Sources */ = {isa = PBXBuildFile; fileRef = 1B66A4792C364B8C007AB923 /* Order.swift */; };
		1B66A47E2C364D89007AB923 /* AddressView.swift in Sources */ = {isa = PBXBuildFile; fileRef = 1B66A47D2C364D89007AB923 /* AddressView.swift */; };
		1B66A4802C36520B007AB923 /* CheckoutView.swift in Sources */ = {isa = PBXBuildFile; fileRef = 1B66A47F2C36520B007AB923 /* CheckoutView.swift */; };
		1B66A4832C3678DF007AB923 /* Bookworm.swift in Sources */ = {isa = PBXBuildFile; fileRef = 1B66A4822C3678DF007AB923 /* Bookworm.swift */; };
		1B66A4872C367BD5007AB923 /* bingtest.swift in Sources */ = {isa = PBXBuildFile; fileRef = 1B66A4862C367BD5007AB923 /* bingtest.swift */; };
		1B66A4892C367F68007AB923 /* TextEditorTest.swift in Sources */ = {isa = PBXBuildFile; fileRef = 1B66A4882C367F68007AB923 /* TextEditorTest.swift */; };
		1B66A48B2C36822C007AB923 /* Student.swift in Sources */ = {isa = PBXBuildFile; fileRef = 1B66A48A2C36822C007AB923 /* Student.swift */; };
		1B66A48D2C368928007AB923 /* CheckSplit.swift in Sources */ = {isa = PBXBuildFile; fileRef = 1B66A48C2C368928007AB923 /* CheckSplit.swift */; };
		1B98B3F62C37C554008FBE90 /* iExprenseSD.swift in Sources */ = {isa = PBXBuildFile; fileRef = 1B98B3F52C37C554008FBE90 /* iExprenseSD.swift */; };
		1BA3F8932C33DA8E00CA5FEA /* astronauts.json in Resources */ = {isa = PBXBuildFile; fileRef = 1BA3F8922C33DA8E00CA5FEA /* astronauts.json */; };
		1BA3F8952C33DA9800CA5FEA /* missions.json in Resources */ = {isa = PBXBuildFile; fileRef = 1BA3F8942C33DA9800CA5FEA /* missions.json */; };
		1BA3F89D2C33DCF300CA5FEA /* Astronaut.swift in Sources */ = {isa = PBXBuildFile; fileRef = 1BA3F89C2C33DCF300CA5FEA /* Astronaut.swift */; };
		1BA3F89F2C33DD2000CA5FEA /*  Bundle-Decodable.swift in Sources */ = {isa = PBXBuildFile; fileRef = 1BA3F89E2C33DD2000CA5FEA /*  Bundle-Decodable.swift */; };
		1BA3F8A12C33DEF900CA5FEA /* Moonshot.swift in Sources */ = {isa = PBXBuildFile; fileRef = 1BA3F8A02C33DEF900CA5FEA /* Moonshot.swift */; };
		1BA3F8A32C33E2C600CA5FEA /* Mission.swift in Sources */ = {isa = PBXBuildFile; fileRef = 1BA3F8A22C33E2C600CA5FEA /* Mission.swift */; };
		1BA3F8A52C33EEF300CA5FEA /* Color-Theme.swift in Sources */ = {isa = PBXBuildFile; fileRef = 1BA3F8A42C33EEF300CA5FEA /* Color-Theme.swift */; };
		1BA3F8A72C33F36F00CA5FEA /* MissionView.swift in Sources */ = {isa = PBXBuildFile; fileRef = 1BA3F8A62C33F36F00CA5FEA /* MissionView.swift */; };
		1BA3F8AB2C34010600CA5FEA /* AstronautView.swift in Sources */ = {isa = PBXBuildFile; fileRef = 1BA3F8AA2C34010600CA5FEA /* AstronautView.swift */; };
		1BA86D362C2BC49F006CEEBB /* WeSplitApp.swift in Sources */ = {isa = PBXBuildFile; fileRef = 1BA86D352C2BC49F006CEEBB /* WeSplitApp.swift */; };
		1BA86D382C2BC49F006CEEBB /* ContentView.swift in Sources */ = {isa = PBXBuildFile; fileRef = 1BA86D372C2BC49F006CEEBB /* ContentView.swift */; };
		1BA86D3A2C2BC4A1006CEEBB /* Assets.xcassets in Resources */ = {isa = PBXBuildFile; fileRef = 1BA86D392C2BC4A1006CEEBB /* Assets.xcassets */; };
		1BA86D3D2C2BC4A1006CEEBB /* Preview Assets.xcassets in Resources */ = {isa = PBXBuildFile; fileRef = 1BA86D3C2C2BC4A1006CEEBB /* Preview Assets.xcassets */; };
		1BA86D442C2D08DF006CEEBB /* TempConv.swift in Sources */ = {isa = PBXBuildFile; fileRef = 1BA86D432C2D08DF006CEEBB /* TempConv.swift */; };
		1BA86D462C2D3CEB006CEEBB /* GuessTheFlag.swift in Sources */ = {isa = PBXBuildFile; fileRef = 1BA86D452C2D3CEB006CEEBB /* GuessTheFlag.swift */; };
		1BA86D4A2C2D6209006CEEBB /* button.swift in Sources */ = {isa = PBXBuildFile; fileRef = 1BA86D492C2D6209006CEEBB /* button.swift */; };
		1BC2219D2C36457A00771475 /* proj10networktest2.swift in Sources */ = {isa = PBXBuildFile; fileRef = 1BC2219C2C36457A00771475 /* proj10networktest2.swift */; };
		E70A310C2C32CB960047C834 /* proj8test.swift in Sources */ = {isa = PBXBuildFile; fileRef = E70A310B2C32CB960047C834 /* proj8test.swift */; };
		E70A310E2C32F27E0047C834 /* proj8test2.swift in Sources */ = {isa = PBXBuildFile; fileRef = E70A310D2C32F27E0047C834 /* proj8test2.swift */; };
		E7AB15022C2DA0490020F7EA /* GuessFlag2.swift in Sources */ = {isa = PBXBuildFile; fileRef = E7AB15012C2DA0490020F7EA /* GuessFlag2.swift */; };
		E7AB15052C2E4F1C0020F7EA /* ViewsAndModifiers.swift in Sources */ = {isa = PBXBuildFile; fileRef = E7AB15042C2E4F1C0020F7EA /* ViewsAndModifiers.swift */; };
		E7AB15072C2E84820020F7EA /* CustomContainer.swift in Sources */ = {isa = PBXBuildFile; fileRef = E7AB15062C2E84820020F7EA /* CustomContainer.swift */; };
		E7AB150A2C2EA1D30020F7EA /* challeng_c2.swift in Sources */ = {isa = PBXBuildFile; fileRef = E7AB15092C2EA1D30020F7EA /* challeng_c2.swift */; };
		E7AB150E2C2ECA7B0020F7EA /* BetterRest.swift in Sources */ = {isa = PBXBuildFile; fileRef = E7AB150D2C2ECA7B0020F7EA /* BetterRest.swift */; };
		E7AB15102C2F9EF50020F7EA /* SleepCalculator.mlmodel in Sources */ = {isa = PBXBuildFile; fileRef = E7AB150F2C2F9EF50020F7EA /* SleepCalculator.mlmodel */; };
		E7AB15132C2FB1590020F7EA /* WordScramble.swift in Sources */ = {isa = PBXBuildFile; fileRef = E7AB15122C2FB1590020F7EA /* WordScramble.swift */; };
		E7AB15152C2FDCF00020F7EA /* start.txt in Resources */ = {isa = PBXBuildFile; fileRef = E7AB15142C2FDCF00020F7EA /* start.txt */; };
		E7AB152B2C3027280020F7EA /* AnimationTest.swift in Sources */ = {isa = PBXBuildFile; fileRef = E7AB152A2C3027280020F7EA /* AnimationTest.swift */; };
		E7AB152D2C3137BC0020F7EA /* AnimationTest2.swift in Sources */ = {isa = PBXBuildFile; fileRef = E7AB152C2C3137BC0020F7EA /* AnimationTest2.swift */; };
		E7AB152F2C31462A0020F7EA /* proj6ch.swift in Sources */ = {isa = PBXBuildFile; fileRef = E7AB152E2C31462A0020F7EA /* proj6ch.swift */; };
		E7AB15322C3197C40020F7EA /* Consolidation3Test.swift in Sources */ = {isa = PBXBuildFile; fileRef = E7AB15312C3197C40020F7EA /* Consolidation3Test.swift */; };
		E7AB15502C3269210020F7EA /* iExpense.swift in Sources */ = {isa = PBXBuildFile; fileRef = E7AB154F2C3269210020F7EA /* iExpense.swift */; };
		E7AB15522C32B1550020F7EA /* iExprense2.swift in Sources */ = {isa = PBXBuildFile; fileRef = E7AB15512C32B1550020F7EA /* iExprense2.swift */; };
		E7AB15542C32B90F0020F7EA /* AddView.swift in Sources */ = {isa = PBXBuildFile; fileRef = E7AB15532C32B90F0020F7EA /* AddView.swift */; };
		E7C13B962C3428D3007AA957 /* proj9NavigationTest.swift in Sources */ = {isa = PBXBuildFile; fileRef = E7C13B952C3428D3007AA957 /* proj9NavigationTest.swift */; };
		E7C13B982C345D50007AA957 /* proj9NavigationTest2.swift in Sources */ = {isa = PBXBuildFile; fileRef = E7C13B972C345D50007AA957 /* proj9NavigationTest2.swift */; };
		E7CE1E3B2C35973100698D66 /* CupcakeCorner.swift in Sources */ = {isa = PBXBuildFile; fileRef = E7CE1E3A2C35973100698D66 /* CupcakeCorner.swift */; };
		E7CE1E3D2C359A1700698D66 /* proj10networktest1.swift in Sources */ = {isa = PBXBuildFile; fileRef = E7CE1E3C2C359A1700698D66 /* proj10networktest1.swift */; };
/* End PBXBuildFile section */

/* Begin PBXFileReference section */
		1B0344E32C34F6B00049A645 /* proj9navigationtest3.swift */ = {isa = PBXFileReference; lastKnownFileType = sourcecode.swift; path = proj9navigationtest3.swift; sourceTree = "<group>"; };
		1B0344E52C34FF1D0049A645 /* proj9ch4iExpense.swift */ = {isa = PBXFileReference; lastKnownFileType = sourcecode.swift; path = proj9ch4iExpense.swift; sourceTree = "<group>"; };
		1B0344E72C3502F60049A645 /* ttttt.swift */ = {isa = PBXFileReference; lastKnownFileType = sourcecode.swift; path = ttttt.swift; sourceTree = "<group>"; };
		1B0344E92C350E4C0049A645 /* proj9ch4moonshot.swift */ = {isa = PBXFileReference; lastKnownFileType = sourcecode.swift; path = proj9ch4moonshot.swift; sourceTree = "<group>"; };
		1B0344EC2C35431C0049A645 /* HabitTracker.swift */ = {isa = PBXFileReference; lastKnownFileType = sourcecode.swift; path = HabitTracker.swift; sourceTree = "<group>"; };
		1B4D7D7A2C369642006CDD0D /* Book.swift */ = {isa = PBXFileReference; lastKnownFileType = sourcecode.swift; path = Book.swift; sourceTree = "<group>"; };
		1B4D7D982C369842006CDD0D /* AddBookView.swift */ = {isa = PBXFileReference; lastKnownFileType = sourcecode.swift; path = AddBookView.swift; sourceTree = "<group>"; };
		1B4D7D9A2C369D04006CDD0D /* RatingView.swift */ = {isa = PBXFileReference; lastKnownFileType = sourcecode.swift; path = RatingView.swift; sourceTree = "<group>"; };
		1B4D7D9C2C369FCC006CDD0D /* EmojiRatingView.swift */ = {isa = PBXFileReference; lastKnownFileType = sourcecode.swift; path = EmojiRatingView.swift; sourceTree = "<group>"; };
		1B4D7DBA2C36A1BB006CDD0D /* DetailView.swift */ = {isa = PBXFileReference; lastKnownFileType = sourcecode.swift; path = DetailView.swift; sourceTree = "<group>"; };
		1B4D7DBD2C378E71006CDD0D /* SwiftDataProject.swift */ = {isa = PBXFileReference; lastKnownFileType = sourcecode.swift; path = SwiftDataProject.swift; sourceTree = "<group>"; };
		1B4D7DBF2C37A30B006CDD0D /* User.swift */ = {isa = PBXFileReference; lastKnownFileType = sourcecode.swift; path = User.swift; sourceTree = "<group>"; };
		1B4D7DC12C37A393006CDD0D /* EditUserP12View.swift */ = {isa = PBXFileReference; lastKnownFileType = sourcecode.swift; path = EditUserP12View.swift; sourceTree = "<group>"; };
		1B4D7DC32C37A6C5006CDD0D /* UsersView.swift */ = {isa = PBXFileReference; lastKnownFileType = sourcecode.swift; path = UsersView.swift; sourceTree = "<group>"; };
		1B66A4792C364B8C007AB923 /* Order.swift */ = {isa = PBXFileReference; lastKnownFileType = sourcecode.swift; path = Order.swift; sourceTree = "<group>"; };
		1B66A47D2C364D89007AB923 /* AddressView.swift */ = {isa = PBXFileReference; lastKnownFileType = sourcecode.swift; path = AddressView.swift; sourceTree = "<group>"; };
		1B66A47F2C36520B007AB923 /* CheckoutView.swift */ = {isa = PBXFileReference; lastKnownFileType = sourcecode.swift; path = CheckoutView.swift; sourceTree = "<group>"; };
		1B66A4822C3678DF007AB923 /* Bookworm.swift */ = {isa = PBXFileReference; lastKnownFileType = sourcecode.swift; path = Bookworm.swift; sourceTree = "<group>"; };
		1B66A4862C367BD5007AB923 /* bingtest.swift */ = {isa = PBXFileReference; lastKnownFileType = sourcecode.swift; path = bingtest.swift; sourceTree = "<group>"; };
		1B66A4882C367F68007AB923 /* TextEditorTest.swift */ = {isa = PBXFileReference; lastKnownFileType = sourcecode.swift; path = TextEditorTest.swift; sourceTree = "<group>"; };
		1B66A48A2C36822C007AB923 /* Student.swift */ = {isa = PBXFileReference; lastKnownFileType = sourcecode.swift; path = Student.swift; sourceTree = "<group>"; };
		1B66A48C2C368928007AB923 /* CheckSplit.swift */ = {isa = PBXFileReference; lastKnownFileType = sourcecode.swift; path = CheckSplit.swift; sourceTree = "<group>"; };
		1B98B3F52C37C554008FBE90 /* iExprenseSD.swift */ = {isa = PBXFileReference; lastKnownFileType = sourcecode.swift; path = iExprenseSD.swift; sourceTree = "<group>"; };
		1BA3F8922C33DA8E00CA5FEA /* astronauts.json */ = {isa = PBXFileReference; fileEncoding = 4; lastKnownFileType = text.json; path = astronauts.json; sourceTree = "<group>"; };
		1BA3F8942C33DA9800CA5FEA /* missions.json */ = {isa = PBXFileReference; fileEncoding = 4; lastKnownFileType = text.json; path = missions.json; sourceTree = "<group>"; };
		1BA3F89C2C33DCF300CA5FEA /* Astronaut.swift */ = {isa = PBXFileReference; lastKnownFileType = sourcecode.swift; path = Astronaut.swift; sourceTree = "<group>"; };
		1BA3F89E2C33DD2000CA5FEA /*  Bundle-Decodable.swift */ = {isa = PBXFileReference; lastKnownFileType = sourcecode.swift; path = " Bundle-Decodable.swift"; sourceTree = "<group>"; };
		1BA3F8A02C33DEF900CA5FEA /* Moonshot.swift */ = {isa = PBXFileReference; lastKnownFileType = sourcecode.swift; path = Moonshot.swift; sourceTree = "<group>"; };
		1BA3F8A22C33E2C600CA5FEA /* Mission.swift */ = {isa = PBXFileReference; lastKnownFileType = sourcecode.swift; path = Mission.swift; sourceTree = "<group>"; };
		1BA3F8A42C33EEF300CA5FEA /* Color-Theme.swift */ = {isa = PBXFileReference; lastKnownFileType = sourcecode.swift; path = "Color-Theme.swift"; sourceTree = "<group>"; };
		1BA3F8A62C33F36F00CA5FEA /* MissionView.swift */ = {isa = PBXFileReference; lastKnownFileType = sourcecode.swift; path = MissionView.swift; sourceTree = "<group>"; };
		1BA3F8AA2C34010600CA5FEA /* AstronautView.swift */ = {isa = PBXFileReference; lastKnownFileType = sourcecode.swift; path = AstronautView.swift; sourceTree = "<group>"; };
		1BA86D322C2BC49F006CEEBB /* WeSplit.app */ = {isa = PBXFileReference; explicitFileType = wrapper.application; includeInIndex = 0; path = WeSplit.app; sourceTree = BUILT_PRODUCTS_DIR; };
		1BA86D352C2BC49F006CEEBB /* WeSplitApp.swift */ = {isa = PBXFileReference; lastKnownFileType = sourcecode.swift; path = WeSplitApp.swift; sourceTree = "<group>"; };
		1BA86D372C2BC49F006CEEBB /* ContentView.swift */ = {isa = PBXFileReference; lastKnownFileType = sourcecode.swift; path = ContentView.swift; sourceTree = "<group>"; };
		1BA86D392C2BC4A1006CEEBB /* Assets.xcassets */ = {isa = PBXFileReference; lastKnownFileType = folder.assetcatalog; path = Assets.xcassets; sourceTree = "<group>"; };
		1BA86D3C2C2BC4A1006CEEBB /* Preview Assets.xcassets */ = {isa = PBXFileReference; lastKnownFileType = folder.assetcatalog; path = "Preview Assets.xcassets"; sourceTree = "<group>"; };
		1BA86D432C2D08DF006CEEBB /* TempConv.swift */ = {isa = PBXFileReference; lastKnownFileType = sourcecode.swift; path = TempConv.swift; sourceTree = "<group>"; };
		1BA86D452C2D3CEB006CEEBB /* GuessTheFlag.swift */ = {isa = PBXFileReference; lastKnownFileType = sourcecode.swift; path = GuessTheFlag.swift; sourceTree = "<group>"; };
		1BA86D492C2D6209006CEEBB /* button.swift */ = {isa = PBXFileReference; lastKnownFileType = sourcecode.swift; path = button.swift; sourceTree = "<group>"; };
		1BC2219C2C36457A00771475 /* proj10networktest2.swift */ = {isa = PBXFileReference; lastKnownFileType = sourcecode.swift; path = proj10networktest2.swift; sourceTree = "<group>"; };
		E70A310B2C32CB960047C834 /* proj8test.swift */ = {isa = PBXFileReference; lastKnownFileType = sourcecode.swift; path = proj8test.swift; sourceTree = "<group>"; };
		E70A310D2C32F27E0047C834 /* proj8test2.swift */ = {isa = PBXFileReference; lastKnownFileType = sourcecode.swift; path = proj8test2.swift; sourceTree = "<group>"; };
		E7AB15012C2DA0490020F7EA /* GuessFlag2.swift */ = {isa = PBXFileReference; lastKnownFileType = sourcecode.swift; path = GuessFlag2.swift; sourceTree = "<group>"; };
		E7AB15042C2E4F1C0020F7EA /* ViewsAndModifiers.swift */ = {isa = PBXFileReference; lastKnownFileType = sourcecode.swift; path = ViewsAndModifiers.swift; sourceTree = "<group>"; };
		E7AB15062C2E84820020F7EA /* CustomContainer.swift */ = {isa = PBXFileReference; lastKnownFileType = sourcecode.swift; path = CustomContainer.swift; sourceTree = "<group>"; };
		E7AB15092C2EA1D30020F7EA /* challeng_c2.swift */ = {isa = PBXFileReference; lastKnownFileType = sourcecode.swift; path = challeng_c2.swift; sourceTree = "<group>"; };
		E7AB150D2C2ECA7B0020F7EA /* BetterRest.swift */ = {isa = PBXFileReference; lastKnownFileType = sourcecode.swift; path = BetterRest.swift; sourceTree = "<group>"; };
		E7AB150F2C2F9EF50020F7EA /* SleepCalculator.mlmodel */ = {isa = PBXFileReference; lastKnownFileType = file.mlmodel; path = SleepCalculator.mlmodel; sourceTree = "<group>"; };
		E7AB15122C2FB1590020F7EA /* WordScramble.swift */ = {isa = PBXFileReference; lastKnownFileType = sourcecode.swift; path = WordScramble.swift; sourceTree = "<group>"; };
		E7AB15142C2FDCF00020F7EA /* start.txt */ = {isa = PBXFileReference; fileEncoding = 4; lastKnownFileType = text; path = start.txt; sourceTree = "<group>"; };
		E7AB152A2C3027280020F7EA /* AnimationTest.swift */ = {isa = PBXFileReference; lastKnownFileType = sourcecode.swift; path = AnimationTest.swift; sourceTree = "<group>"; };
		E7AB152C2C3137BC0020F7EA /* AnimationTest2.swift */ = {isa = PBXFileReference; lastKnownFileType = sourcecode.swift; path = AnimationTest2.swift; sourceTree = "<group>"; };
		E7AB152E2C31462A0020F7EA /* proj6ch.swift */ = {isa = PBXFileReference; lastKnownFileType = sourcecode.swift; path = proj6ch.swift; sourceTree = "<group>"; };
		E7AB15312C3197C40020F7EA /* Consolidation3Test.swift */ = {isa = PBXFileReference; lastKnownFileType = sourcecode.swift; path = Consolidation3Test.swift; sourceTree = "<group>"; };
		E7AB154F2C3269210020F7EA /* iExpense.swift */ = {isa = PBXFileReference; lastKnownFileType = sourcecode.swift; path = iExpense.swift; sourceTree = "<group>"; };
		E7AB15512C32B1550020F7EA /* iExprense2.swift */ = {isa = PBXFileReference; lastKnownFileType = sourcecode.swift; path = iExprense2.swift; sourceTree = "<group>"; };
		E7AB15532C32B90F0020F7EA /* AddView.swift */ = {isa = PBXFileReference; lastKnownFileType = sourcecode.swift; path = AddView.swift; sourceTree = "<group>"; };
		E7C13B952C3428D3007AA957 /* proj9NavigationTest.swift */ = {isa = PBXFileReference; lastKnownFileType = sourcecode.swift; path = proj9NavigationTest.swift; sourceTree = "<group>"; };
		E7C13B972C345D50007AA957 /* proj9NavigationTest2.swift */ = {isa = PBXFileReference; lastKnownFileType = sourcecode.swift; path = proj9NavigationTest2.swift; sourceTree = "<group>"; };
		E7CE1E3A2C35973100698D66 /* CupcakeCorner.swift */ = {isa = PBXFileReference; lastKnownFileType = sourcecode.swift; path = CupcakeCorner.swift; sourceTree = "<group>"; };
		E7CE1E3C2C359A1700698D66 /* proj10networktest1.swift */ = {isa = PBXFileReference; lastKnownFileType = sourcecode.swift; path = proj10networktest1.swift; sourceTree = "<group>"; };
/* End PBXFileReference section */

/* Begin PBXFrameworksBuildPhase section */
		1BA86D2F2C2BC49F006CEEBB /* Frameworks */ = {
			isa = PBXFrameworksBuildPhase;
			buildActionMask = 2147483647;
			files = (
			);
			runOnlyForDeploymentPostprocessing = 0;
		};
/* End PBXFrameworksBuildPhase section */

/* Begin PBXGroup section */
		1B0344EB2C3542FB0049A645 /* Consilidation4 */ = {
			isa = PBXGroup;
			children = (
				1B0344EC2C35431C0049A645 /* HabitTracker.swift */,
			);
			path = Consilidation4;
			sourceTree = "<group>";
		};
		1B4D7DBC2C378C14006CDD0D /* proj12 */ = {
			isa = PBXGroup;
			children = (
				1B4D7DBD2C378E71006CDD0D /* SwiftDataProject.swift */,
				1B4D7DBF2C37A30B006CDD0D /* User.swift */,
				1B4D7DC32C37A6C5006CDD0D /* UsersView.swift */,
				1B4D7DC12C37A393006CDD0D /* EditUserP12View.swift */,
				1B98B3F52C37C554008FBE90 /* iExprenseSD.swift */,
			);
			path = proj12;
			sourceTree = "<group>";
		};
		1B66A4812C367680007AB923 /* proj11 */ = {
			isa = PBXGroup;
			children = (
				1B66A4822C3678DF007AB923 /* Bookworm.swift */,
				1B4D7DBA2C36A1BB006CDD0D /* DetailView.swift */,
				1B4D7D9C2C369FCC006CDD0D /* EmojiRatingView.swift */,
				1B4D7D9A2C369D04006CDD0D /* RatingView.swift */,
				1B66A4862C367BD5007AB923 /* bingtest.swift */,
				1B66A4882C367F68007AB923 /* TextEditorTest.swift */,
				1B66A48A2C36822C007AB923 /* Student.swift */,
				1B4D7D7A2C369642006CDD0D /* Book.swift */,
				1B4D7D982C369842006CDD0D /* AddBookView.swift */,
			);
			path = proj11;
			sourceTree = "<group>";
		};
		1BA86D292C2BC49F006CEEBB = {
			isa = PBXGroup;
			children = (
				1B4D7DBC2C378C14006CDD0D /* proj12 */,
				1B66A4812C367680007AB923 /* proj11 */,
				E7CE1E392C3596D200698D66 /* proj10 */,
				1B0344EB2C3542FB0049A645 /* Consilidation4 */,
				E7C13B942C3423E8007AA957 /* proj9 */,
				E70A310A2C32CAEC0047C834 /* proj8 */,
				E7AB154E2C32690E0020F7EA /* proj7 */,
				E7AB15302C3197A50020F7EA /* Consolidation3 */,
				E7AB15292C3027110020F7EA /* proj6 */,
				E7AB15112C2FB1360020F7EA /* proj5 */,
				E7AB150B2C2EC1AE0020F7EA /* proj4 */,
				1BA86D342C2BC49F006CEEBB /* WeSplit */,
				1BA86D332C2BC49F006CEEBB /* Products */,
			);
			sourceTree = "<group>";
		};
		1BA86D332C2BC49F006CEEBB /* Products */ = {
			isa = PBXGroup;
			children = (
				1BA86D322C2BC49F006CEEBB /* WeSplit.app */,
			);
			name = Products;
			sourceTree = "<group>";
		};
		1BA86D342C2BC49F006CEEBB /* WeSplit */ = {
			isa = PBXGroup;
			children = (
				E7AB15082C2EA1AF0020F7EA /* Consolidation2 */,
				E7AB15032C2E4F080020F7EA /* proj3 */,
				1BA86D472C2D5EAC006CEEBB /* proj2 */,
				1BA86D352C2BC49F006CEEBB /* WeSplitApp.swift */,
				1BA86D372C2BC49F006CEEBB /* ContentView.swift */,
				1B66A48C2C368928007AB923 /* CheckSplit.swift */,
				1BA86D432C2D08DF006CEEBB /* TempConv.swift */,
				1BA86D392C2BC4A1006CEEBB /* Assets.xcassets */,
				1BA86D3B2C2BC4A1006CEEBB /* Preview Content */,
			);
			path = WeSplit;
			sourceTree = "<group>";
		};
		1BA86D3B2C2BC4A1006CEEBB /* Preview Content */ = {
			isa = PBXGroup;
			children = (
				1BA3F8942C33DA9800CA5FEA /* missions.json */,
				1BA3F8922C33DA8E00CA5FEA /* astronauts.json */,
				E7AB150F2C2F9EF50020F7EA /* SleepCalculator.mlmodel */,
				1BA86D3C2C2BC4A1006CEEBB /* Preview Assets.xcassets */,
				E7AB15142C2FDCF00020F7EA /* start.txt */,
			);
			path = "Preview Content";
			sourceTree = "<group>";
		};
		1BA86D472C2D5EAC006CEEBB /* proj2 */ = {
			isa = PBXGroup;
			children = (
				1BA86D452C2D3CEB006CEEBB /* GuessTheFlag.swift */,
				1BA86D492C2D6209006CEEBB /* button.swift */,
				E7AB15012C2DA0490020F7EA /* GuessFlag2.swift */,
			);
			path = proj2;
			sourceTree = "<group>";
		};
		E70A310A2C32CAEC0047C834 /* proj8 */ = {
			isa = PBXGroup;
			children = (
				E70A310B2C32CB960047C834 /* proj8test.swift */,
				E70A310D2C32F27E0047C834 /* proj8test2.swift */,
				1BA3F89C2C33DCF300CA5FEA /* Astronaut.swift */,
				1BA3F89E2C33DD2000CA5FEA /*  Bundle-Decodable.swift */,
				1BA3F8A02C33DEF900CA5FEA /* Moonshot.swift */,
				1BA3F8A42C33EEF300CA5FEA /* Color-Theme.swift */,
				1BA3F8A22C33E2C600CA5FEA /* Mission.swift */,
				1BA3F8A62C33F36F00CA5FEA /* MissionView.swift */,
				1BA3F8AA2C34010600CA5FEA /* AstronautView.swift */,
			);
			path = proj8;
			sourceTree = "<group>";
		};
		E7AB15032C2E4F080020F7EA /* proj3 */ = {
			isa = PBXGroup;
			children = (
				E7AB15042C2E4F1C0020F7EA /* ViewsAndModifiers.swift */,
				E7AB15062C2E84820020F7EA /* CustomContainer.swift */,
			);
			path = proj3;
			sourceTree = "<group>";
		};
		E7AB15082C2EA1AF0020F7EA /* Consolidation2 */ = {
			isa = PBXGroup;
			children = (
				E7AB15092C2EA1D30020F7EA /* challeng_c2.swift */,
			);
			path = Consolidation2;
			sourceTree = "<group>";
		};
		E7AB150B2C2EC1AE0020F7EA /* proj4 */ = {
			isa = PBXGroup;
			children = (
				E7AB150C2C2EC1F20020F7EA /* BetterRest */,
			);
			path = proj4;
			sourceTree = "<group>";
		};
		E7AB150C2C2EC1F20020F7EA /* BetterRest */ = {
			isa = PBXGroup;
			children = (
				E7AB150D2C2ECA7B0020F7EA /* BetterRest.swift */,
			);
			path = BetterRest;
			sourceTree = "<group>";
		};
		E7AB15112C2FB1360020F7EA /* proj5 */ = {
			isa = PBXGroup;
			children = (
				E7AB15122C2FB1590020F7EA /* WordScramble.swift */,
			);
			path = proj5;
			sourceTree = "<group>";
		};
		E7AB15292C3027110020F7EA /* proj6 */ = {
			isa = PBXGroup;
			children = (
				E7AB152A2C3027280020F7EA /* AnimationTest.swift */,
				E7AB152C2C3137BC0020F7EA /* AnimationTest2.swift */,
				E7AB152E2C31462A0020F7EA /* proj6ch.swift */,
			);
			path = proj6;
			sourceTree = "<group>";
		};
		E7AB15302C3197A50020F7EA /* Consolidation3 */ = {
			isa = PBXGroup;
			children = (
				E7AB15312C3197C40020F7EA /* Consolidation3Test.swift */,
			);
			path = Consolidation3;
			sourceTree = "<group>";
		};
		E7AB154E2C32690E0020F7EA /* proj7 */ = {
			isa = PBXGroup;
			children = (
				E7AB154F2C3269210020F7EA /* iExpense.swift */,
				E7AB15512C32B1550020F7EA /* iExprense2.swift */,
				E7AB15532C32B90F0020F7EA /* AddView.swift */,
			);
			path = proj7;
			sourceTree = "<group>";
		};
		E7C13B942C3423E8007AA957 /* proj9 */ = {
			isa = PBXGroup;
			children = (
				E7C13B952C3428D3007AA957 /* proj9NavigationTest.swift */,
				1B0344E32C34F6B00049A645 /* proj9navigationtest3.swift */,
				E7C13B972C345D50007AA957 /* proj9NavigationTest2.swift */,
				1B0344E52C34FF1D0049A645 /* proj9ch4iExpense.swift */,
				1B0344E92C350E4C0049A645 /* proj9ch4moonshot.swift */,
				1B0344E72C3502F60049A645 /* ttttt.swift */,
			);
			path = proj9;
			sourceTree = "<group>";
		};
		E7CE1E392C3596D200698D66 /* proj10 */ = {
			isa = PBXGroup;
			children = (
				E7CE1E3A2C35973100698D66 /* CupcakeCorner.swift */,
				1B66A47F2C36520B007AB923 /* CheckoutView.swift */,
				1B66A47D2C364D89007AB923 /* AddressView.swift */,
				E7CE1E3C2C359A1700698D66 /* proj10networktest1.swift */,
				1BC2219C2C36457A00771475 /* proj10networktest2.swift */,
				1B66A4792C364B8C007AB923 /* Order.swift */,
			);
			path = proj10;
			sourceTree = "<group>";
		};
/* End PBXGroup section */

/* Begin PBXNativeTarget section */
		1BA86D312C2BC49F006CEEBB /* WeSplit */ = {
			isa = PBXNativeTarget;
			buildConfigurationList = 1BA86D402C2BC4A1006CEEBB /* Build configuration list for PBXNativeTarget "WeSplit" */;
			buildPhases = (
				1BA86D2E2C2BC49F006CEEBB /* Sources */,
				1BA86D2F2C2BC49F006CEEBB /* Frameworks */,
				1BA86D302C2BC49F006CEEBB /* Resources */,
			);
			buildRules = (
			);
			dependencies = (
			);
			name = WeSplit;
			productName = WeSplit;
			productReference = 1BA86D322C2BC49F006CEEBB /* WeSplit.app */;
			productType = "com.apple.product-type.application";
		};
/* End PBXNativeTarget section */

/* Begin PBXProject section */
		1BA86D2A2C2BC49F006CEEBB /* Project object */ = {
			isa = PBXProject;
			attributes = {
				BuildIndependentTargetsInParallel = 1;
				LastSwiftUpdateCheck = 1540;
				LastUpgradeCheck = 1540;
				TargetAttributes = {
					1BA86D312C2BC49F006CEEBB = {
						CreatedOnToolsVersion = 15.4;
					};
				};
			};
			buildConfigurationList = 1BA86D2D2C2BC49F006CEEBB /* Build configuration list for PBXProject "WeSplit" */;
			compatibilityVersion = "Xcode 14.0";
			developmentRegion = en;
			hasScannedForEncodings = 0;
			knownRegions = (
				en,
				Base,
			);
			mainGroup = 1BA86D292C2BC49F006CEEBB;
			productRefGroup = 1BA86D332C2BC49F006CEEBB /* Products */;
			projectDirPath = "";
			projectRoot = "";
			targets = (
				1BA86D312C2BC49F006CEEBB /* WeSplit */,
			);
		};
/* End PBXProject section */

/* Begin PBXResourcesBuildPhase section */
		1BA86D302C2BC49F006CEEBB /* Resources */ = {
			isa = PBXResourcesBuildPhase;
			buildActionMask = 2147483647;
			files = (
				1BA86D3D2C2BC4A1006CEEBB /* Preview Assets.xcassets in Resources */,
				1BA3F8952C33DA9800CA5FEA /* missions.json in Resources */,
				E7AB15152C2FDCF00020F7EA /* start.txt in Resources */,
				1BA86D3A2C2BC4A1006CEEBB /* Assets.xcassets in Resources */,
				1BA3F8932C33DA8E00CA5FEA /* astronauts.json in Resources */,
			);
			runOnlyForDeploymentPostprocessing = 0;
		};
/* End PBXResourcesBuildPhase section */

/* Begin PBXSourcesBuildPhase section */
		1BA86D2E2C2BC49F006CEEBB /* Sources */ = {
			isa = PBXSourcesBuildPhase;
			buildActionMask = 2147483647;
			files = (
				1BA86D442C2D08DF006CEEBB /* TempConv.swift in Sources */,
				1BA86D4A2C2D6209006CEEBB /* button.swift in Sources */,
				E7AB15132C2FB1590020F7EA /* WordScramble.swift in Sources */,
				1B4D7DBE2C378E71006CDD0D /* SwiftDataProject.swift in Sources */,
				1B66A4892C367F68007AB923 /* TextEditorTest.swift in Sources */,
				1BA3F89D2C33DCF300CA5FEA /* Astronaut.swift in Sources */,
				1BA86D382C2BC49F006CEEBB /* ContentView.swift in Sources */,
				1B0344E62C34FF1D0049A645 /* proj9ch4iExpense.swift in Sources */,
				E7C13B982C345D50007AA957 /* proj9NavigationTest2.swift in Sources */,
				E7AB15502C3269210020F7EA /* iExpense.swift in Sources */,
				E7AB152B2C3027280020F7EA /* AnimationTest.swift in Sources */,
				E7AB15522C32B1550020F7EA /* iExprense2.swift in Sources */,
				1BA3F89F2C33DD2000CA5FEA /*  Bundle-Decodable.swift in Sources */,
				E7AB150E2C2ECA7B0020F7EA /* BetterRest.swift in Sources */,
				1B4D7D9B2C369D04006CDD0D /* RatingView.swift in Sources */,
				1B66A48B2C36822C007AB923 /* Student.swift in Sources */,
				E7AB150A2C2EA1D30020F7EA /* challeng_c2.swift in Sources */,
				E7AB152F2C31462A0020F7EA /* proj6ch.swift in Sources */,
				E70A310E2C32F27E0047C834 /* proj8test2.swift in Sources */,
				1B0344EA2C350E4C0049A645 /* proj9ch4moonshot.swift in Sources */,
				1B4D7DC42C37A6C5006CDD0D /* UsersView.swift in Sources */,
				1B4D7DBB2C36A1BB006CDD0D /* DetailView.swift in Sources */,
				1BA3F8A52C33EEF300CA5FEA /* Color-Theme.swift in Sources */,
				E7AB15542C32B90F0020F7EA /* AddView.swift in Sources */,
				1B4D7D7B2C369642006CDD0D /* Book.swift in Sources */,
				E7CE1E3D2C359A1700698D66 /* proj10networktest1.swift in Sources */,
				1B0344E42C34F6B00049A645 /* proj9navigationtest3.swift in Sources */,
				1B0344ED2C35431C0049A645 /* HabitTracker.swift in Sources */,
				E7AB15052C2E4F1C0020F7EA /* ViewsAndModifiers.swift in Sources */,
				E7C13B962C3428D3007AA957 /* proj9NavigationTest.swift in Sources */,
				1BA86D362C2BC49F006CEEBB /* WeSplitApp.swift in Sources */,
				1B4D7DC02C37A30B006CDD0D /* User.swift in Sources */,
				E7CE1E3B2C35973100698D66 /* CupcakeCorner.swift in Sources */,
				1BA3F8A12C33DEF900CA5FEA /* Moonshot.swift in Sources */,
				1B4D7D9D2C369FCC006CDD0D /* EmojiRatingView.swift in Sources */,
				E70A310C2C32CB960047C834 /* proj8test.swift in Sources */,
				E7AB15022C2DA0490020F7EA /* GuessFlag2.swift in Sources */,
				1B66A4872C367BD5007AB923 /* bingtest.swift in Sources */,
				E7AB15102C2F9EF50020F7EA /* SleepCalculator.mlmodel in Sources */,
				1B66A47E2C364D89007AB923 /* AddressView.swift in Sources */,
				1B66A4802C36520B007AB923 /* CheckoutView.swift in Sources */,
				E7AB15322C3197C40020F7EA /* Consolidation3Test.swift in Sources */,
				1B4D7DC22C37A393006CDD0D /* EditUserP12View.swift in Sources */,
				1B66A48D2C368928007AB923 /* CheckSplit.swift in Sources */,
				E7AB152D2C3137BC0020F7EA /* AnimationTest2.swift in Sources */,
				1BA3F8A72C33F36F00CA5FEA /* MissionView.swift in Sources */,
				1B98B3F62C37C554008FBE90 /* iExprenseSD.swift in Sources */,
				E7AB15072C2E84820020F7EA /* CustomContainer.swift in Sources */,
				1B0344E82C3502F60049A645 /* ttttt.swift in Sources */,
				1BA3F8AB2C34010600CA5FEA /* AstronautView.swift in Sources */,
				1B66A4832C3678DF007AB923 /* Bookworm.swift in Sources */,
				1B4D7D992C369842006CDD0D /* AddBookView.swift in Sources */,
				1BA3F8A32C33E2C600CA5FEA /* Mission.swift in Sources */,
				1B66A47A2C364B8C007AB923 /* Order.swift in Sources */,
				1BA86D462C2D3CEB006CEEBB /* GuessTheFlag.swift in Sources */,
				1BC2219D2C36457A00771475 /* proj10networktest2.swift in Sources */,
			);
			runOnlyForDeploymentPostprocessing = 0;
		};
/* End PBXSourcesBuildPhase section */

/* Begin XCBuildConfiguration section */
		1BA86D3E2C2BC4A1006CEEBB /* Debug */ = {
			isa = XCBuildConfiguration;
			buildSettings = {
				ALWAYS_SEARCH_USER_PATHS = NO;
				ASSETCATALOG_COMPILER_GENERATE_SWIFT_ASSET_SYMBOL_EXTENSIONS = YES;
				CLANG_ANALYZER_NONNULL = YES;
				CLANG_ANALYZER_NUMBER_OBJECT_CONVERSION = YES_AGGRESSIVE;
				CLANG_CXX_LANGUAGE_STANDARD = "gnu++20";
				CLANG_ENABLE_MODULES = YES;
				CLANG_ENABLE_OBJC_ARC = YES;
				CLANG_ENABLE_OBJC_WEAK = YES;
				CLANG_WARN_BLOCK_CAPTURE_AUTORELEASING = YES;
				CLANG_WARN_BOOL_CONVERSION = YES;
				CLANG_WARN_COMMA = YES;
				CLANG_WARN_CONSTANT_CONVERSION = YES;
				CLANG_WARN_DEPRECATED_OBJC_IMPLEMENTATIONS = YES;
				CLANG_WARN_DIRECT_OBJC_ISA_USAGE = YES_ERROR;
				CLANG_WARN_DOCUMENTATION_COMMENTS = YES;
				CLANG_WARN_EMPTY_BODY = YES;
				CLANG_WARN_ENUM_CONVERSION = YES;
				CLANG_WARN_INFINITE_RECURSION = YES;
				CLANG_WARN_INT_CONVERSION = YES;
				CLANG_WARN_NON_LITERAL_NULL_CONVERSION = YES;
				CLANG_WARN_OBJC_IMPLICIT_RETAIN_SELF = YES;
				CLANG_WARN_OBJC_LITERAL_CONVERSION = YES;
				CLANG_WARN_OBJC_ROOT_CLASS = YES_ERROR;
				CLANG_WARN_QUOTED_INCLUDE_IN_FRAMEWORK_HEADER = YES;
				CLANG_WARN_RANGE_LOOP_ANALYSIS = YES;
				CLANG_WARN_STRICT_PROTOTYPES = YES;
				CLANG_WARN_SUSPICIOUS_MOVE = YES;
				CLANG_WARN_UNGUARDED_AVAILABILITY = YES_AGGRESSIVE;
				CLANG_WARN_UNREACHABLE_CODE = YES;
				CLANG_WARN__DUPLICATE_METHOD_MATCH = YES;
				COPY_PHASE_STRIP = NO;
				DEBUG_INFORMATION_FORMAT = dwarf;
				ENABLE_STRICT_OBJC_MSGSEND = YES;
				ENABLE_TESTABILITY = YES;
				ENABLE_USER_SCRIPT_SANDBOXING = YES;
				GCC_C_LANGUAGE_STANDARD = gnu17;
				GCC_DYNAMIC_NO_PIC = NO;
				GCC_NO_COMMON_BLOCKS = YES;
				GCC_OPTIMIZATION_LEVEL = 0;
				GCC_PREPROCESSOR_DEFINITIONS = (
					"DEBUG=1",
					"$(inherited)",
				);
				GCC_WARN_64_TO_32_BIT_CONVERSION = YES;
				GCC_WARN_ABOUT_RETURN_TYPE = YES_ERROR;
				GCC_WARN_UNDECLARED_SELECTOR = YES;
				GCC_WARN_UNINITIALIZED_AUTOS = YES_AGGRESSIVE;
				GCC_WARN_UNUSED_FUNCTION = YES;
				GCC_WARN_UNUSED_VARIABLE = YES;
				IPHONEOS_DEPLOYMENT_TARGET = 17.5;
				LOCALIZATION_PREFERS_STRING_CATALOGS = YES;
				MTL_ENABLE_DEBUG_INFO = INCLUDE_SOURCE;
				MTL_FAST_MATH = YES;
				ONLY_ACTIVE_ARCH = YES;
				SDKROOT = iphoneos;
				SWIFT_ACTIVE_COMPILATION_CONDITIONS = "DEBUG $(inherited)";
				SWIFT_OPTIMIZATION_LEVEL = "-Onone";
			};
			name = Debug;
		};
		1BA86D3F2C2BC4A1006CEEBB /* Release */ = {
			isa = XCBuildConfiguration;
			buildSettings = {
				ALWAYS_SEARCH_USER_PATHS = NO;
				ASSETCATALOG_COMPILER_GENERATE_SWIFT_ASSET_SYMBOL_EXTENSIONS = YES;
				CLANG_ANALYZER_NONNULL = YES;
				CLANG_ANALYZER_NUMBER_OBJECT_CONVERSION = YES_AGGRESSIVE;
				CLANG_CXX_LANGUAGE_STANDARD = "gnu++20";
				CLANG_ENABLE_MODULES = YES;
				CLANG_ENABLE_OBJC_ARC = YES;
				CLANG_ENABLE_OBJC_WEAK = YES;
				CLANG_WARN_BLOCK_CAPTURE_AUTORELEASING = YES;
				CLANG_WARN_BOOL_CONVERSION = YES;
				CLANG_WARN_COMMA = YES;
				CLANG_WARN_CONSTANT_CONVERSION = YES;
				CLANG_WARN_DEPRECATED_OBJC_IMPLEMENTATIONS = YES;
				CLANG_WARN_DIRECT_OBJC_ISA_USAGE = YES_ERROR;
				CLANG_WARN_DOCUMENTATION_COMMENTS = YES;
				CLANG_WARN_EMPTY_BODY = YES;
				CLANG_WARN_ENUM_CONVERSION = YES;
				CLANG_WARN_INFINITE_RECURSION = YES;
				CLANG_WARN_INT_CONVERSION = YES;
				CLANG_WARN_NON_LITERAL_NULL_CONVERSION = YES;
				CLANG_WARN_OBJC_IMPLICIT_RETAIN_SELF = YES;
				CLANG_WARN_OBJC_LITERAL_CONVERSION = YES;
				CLANG_WARN_OBJC_ROOT_CLASS = YES_ERROR;
				CLANG_WARN_QUOTED_INCLUDE_IN_FRAMEWORK_HEADER = YES;
				CLANG_WARN_RANGE_LOOP_ANALYSIS = YES;
				CLANG_WARN_STRICT_PROTOTYPES = YES;
				CLANG_WARN_SUSPICIOUS_MOVE = YES;
				CLANG_WARN_UNGUARDED_AVAILABILITY = YES_AGGRESSIVE;
				CLANG_WARN_UNREACHABLE_CODE = YES;
				CLANG_WARN__DUPLICATE_METHOD_MATCH = YES;
				COPY_PHASE_STRIP = NO;
				DEBUG_INFORMATION_FORMAT = "dwarf-with-dsym";
				ENABLE_NS_ASSERTIONS = NO;
				ENABLE_STRICT_OBJC_MSGSEND = YES;
				ENABLE_USER_SCRIPT_SANDBOXING = YES;
				GCC_C_LANGUAGE_STANDARD = gnu17;
				GCC_NO_COMMON_BLOCKS = YES;
				GCC_WARN_64_TO_32_BIT_CONVERSION = YES;
				GCC_WARN_ABOUT_RETURN_TYPE = YES_ERROR;
				GCC_WARN_UNDECLARED_SELECTOR = YES;
				GCC_WARN_UNINITIALIZED_AUTOS = YES_AGGRESSIVE;
				GCC_WARN_UNUSED_FUNCTION = YES;
				GCC_WARN_UNUSED_VARIABLE = YES;
				IPHONEOS_DEPLOYMENT_TARGET = 17.5;
				LOCALIZATION_PREFERS_STRING_CATALOGS = YES;
				MTL_ENABLE_DEBUG_INFO = NO;
				MTL_FAST_MATH = YES;
				SDKROOT = iphoneos;
				SWIFT_COMPILATION_MODE = wholemodule;
				VALIDATE_PRODUCT = YES;
			};
			name = Release;
		};
		1BA86D412C2BC4A1006CEEBB /* Debug */ = {
			isa = XCBuildConfiguration;
			buildSettings = {
				ASSETCATALOG_COMPILER_APPICON_NAME = AppIcon;
				ASSETCATALOG_COMPILER_GLOBAL_ACCENT_COLOR_NAME = AccentColor;
				CODE_SIGN_STYLE = Automatic;
				CURRENT_PROJECT_VERSION = 1;
				DEVELOPMENT_ASSET_PATHS = "\"WeSplit/Preview Content\"";
				DEVELOPMENT_TEAM = NVJ3577YKF;
				ENABLE_PREVIEWS = YES;
				GENERATE_INFOPLIST_FILE = YES;
				INFOPLIST_KEY_UIApplicationSceneManifest_Generation = YES;
				INFOPLIST_KEY_UIApplicationSupportsIndirectInputEvents = YES;
				INFOPLIST_KEY_UILaunchScreen_Generation = YES;
				INFOPLIST_KEY_UISupportedInterfaceOrientations_iPad = "UIInterfaceOrientationPortrait UIInterfaceOrientationPortraitUpsideDown UIInterfaceOrientationLandscapeLeft UIInterfaceOrientationLandscapeRight";
				INFOPLIST_KEY_UISupportedInterfaceOrientations_iPhone = "UIInterfaceOrientationPortrait UIInterfaceOrientationLandscapeLeft UIInterfaceOrientationLandscapeRight";
				LD_RUNPATH_SEARCH_PATHS = (
					"$(inherited)",
					"@executable_path/Frameworks",
				);
				MARKETING_VERSION = 1.0;
				PRODUCT_BUNDLE_IDENTIFIER = K.WeSplit;
				PRODUCT_NAME = "$(TARGET_NAME)";
				SWIFT_EMIT_LOC_STRINGS = YES;
				SWIFT_VERSION = 5.0;
				TARGETED_DEVICE_FAMILY = "1,2";
			};
			name = Debug;
		};
		1BA86D422C2BC4A1006CEEBB /* Release */ = {
			isa = XCBuildConfiguration;
			buildSettings = {
				ASSETCATALOG_COMPILER_APPICON_NAME = AppIcon;
				ASSETCATALOG_COMPILER_GLOBAL_ACCENT_COLOR_NAME = AccentColor;
				CODE_SIGN_STYLE = Automatic;
				CURRENT_PROJECT_VERSION = 1;
				DEVELOPMENT_ASSET_PATHS = "\"WeSplit/Preview Content\"";
				DEVELOPMENT_TEAM = NVJ3577YKF;
				ENABLE_PREVIEWS = YES;
				GENERATE_INFOPLIST_FILE = YES;
				INFOPLIST_KEY_UIApplicationSceneManifest_Generation = YES;
				INFOPLIST_KEY_UIApplicationSupportsIndirectInputEvents = YES;
				INFOPLIST_KEY_UILaunchScreen_Generation = YES;
				INFOPLIST_KEY_UISupportedInterfaceOrientations_iPad = "UIInterfaceOrientationPortrait UIInterfaceOrientationPortraitUpsideDown UIInterfaceOrientationLandscapeLeft UIInterfaceOrientationLandscapeRight";
				INFOPLIST_KEY_UISupportedInterfaceOrientations_iPhone = "UIInterfaceOrientationPortrait UIInterfaceOrientationLandscapeLeft UIInterfaceOrientationLandscapeRight";
				LD_RUNPATH_SEARCH_PATHS = (
					"$(inherited)",
					"@executable_path/Frameworks",
				);
				MARKETING_VERSION = 1.0;
				PRODUCT_BUNDLE_IDENTIFIER = K.WeSplit;
				PRODUCT_NAME = "$(TARGET_NAME)";
				SWIFT_EMIT_LOC_STRINGS = YES;
				SWIFT_VERSION = 5.0;
				TARGETED_DEVICE_FAMILY = "1,2";
			};
			name = Release;
		};
/* End XCBuildConfiguration section */

/* Begin XCConfigurationList section */
		1BA86D2D2C2BC49F006CEEBB /* Build configuration list for PBXProject "WeSplit" */ = {
			isa = XCConfigurationList;
			buildConfigurations = (
				1BA86D3E2C2BC4A1006CEEBB /* Debug */,
				1BA86D3F2C2BC4A1006CEEBB /* Release */,
			);
			defaultConfigurationIsVisible = 0;
			defaultConfigurationName = Release;
		};
		1BA86D402C2BC4A1006CEEBB /* Build configuration list for PBXNativeTarget "WeSplit" */ = {
			isa = XCConfigurationList;
			buildConfigurations = (
				1BA86D412C2BC4A1006CEEBB /* Debug */,
				1BA86D422C2BC4A1006CEEBB /* Release */,
			);
			defaultConfigurationIsVisible = 0;
			defaultConfigurationName = Release;
		};
/* End XCConfigurationList section */
	};
	rootObject = 1BA86D2A2C2BC49F006CEEBB /* Project object */;
}
