// !$*UTF8*$!
{
	archiveVersion = 1;
	classes = {
	};
	objectVersion = 56;
	objects = {

/* Begin PBXBuildFile section */
		1B01FA922C47AF0E00CA3675 /* Card.swift in Sources */ = {isa = PBXBuildFile; fileRef = 1B01FA912C47AF0E00CA3675 /* Card.swift */; };
		1B01FA942C47B07500CA3675 /* CardView.swift in Sources */ = {isa = PBXBuildFile; fileRef = 1B01FA932C47B07500CA3675 /* CardView.swift */; };
		1B01FA962C4A890A00CA3675 /* EditCard.swift in Sources */ = {isa = PBXBuildFile; fileRef = 1B01FA952C4A890A00CA3675 /* EditCard.swift */; };
		1B01FA992C4B84B500CA3675 /* LayoutAndGeometry.swift in Sources */ = {isa = PBXBuildFile; fileRef = 1B01FA982C4B84B500CA3675 /* LayoutAndGeometry.swift */; };
		1B01FA9B2C4B896F00CA3675 /* LayoutTest.swift in Sources */ = {isa = PBXBuildFile; fileRef = 1B01FA9A2C4B896F00CA3675 /* LayoutTest.swift */; };
		1B01FA9D2C4B964B00CA3675 /* AlignmentTest.swift in Sources */ = {isa = PBXBuildFile; fileRef = 1B01FA9C2C4B964B00CA3675 /* AlignmentTest.swift */; };
		1B01FA9F2C4B9B3B00CA3675 /* PositionTest.swift in Sources */ = {isa = PBXBuildFile; fileRef = 1B01FA9E2C4B9B3B00CA3675 /* PositionTest.swift */; };
		1B01FAA12C4BA25800CA3675 /* GeometryReaderTest.swift in Sources */ = {isa = PBXBuildFile; fileRef = 1B01FAA02C4BA25800CA3675 /* GeometryReaderTest.swift */; };
		1B01FAA32C4BB00900CA3675 /* GeometryReaderTest2.swift in Sources */ = {isa = PBXBuildFile; fileRef = 1B01FAA22C4BB00900CA3675 /* GeometryReaderTest2.swift */; };
		1B01FAA52C4BB49000CA3675 /* GeometryReaderTest3.swift in Sources */ = {isa = PBXBuildFile; fileRef = 1B01FAA42C4BB49000CA3675 /* GeometryReaderTest3.swift */; };
		1B01FAAA2C4C0AC700CA3675 /* RollResultsView.swift in Sources */ = {isa = PBXBuildFile; fileRef = 1B01FAA92C4C0AC700CA3675 /* RollResultsView.swift */; };
		1B01FAAC2C4C0AFC00CA3675 /* GameResults.swift in Sources */ = {isa = PBXBuildFile; fileRef = 1B01FAAB2C4C0AFC00CA3675 /* GameResults.swift */; };
		1B01FAAE2C4C0B1900CA3675 /* FileManager-Extension.swift in Sources */ = {isa = PBXBuildFile; fileRef = 1B01FAAD2C4C0B1900CA3675 /* FileManager-Extension.swift */; };
		1B01FAB02C4C0B4600CA3675 /* RollDice.swift in Sources */ = {isa = PBXBuildFile; fileRef = 1B01FAAF2C4C0B4600CA3675 /* RollDice.swift */; };
		1B01FAB32C4C0EC000CA3675 /* SnowSeeker.swift in Sources */ = {isa = PBXBuildFile; fileRef = 1B01FAB22C4C0EC000CA3675 /* SnowSeeker.swift */; };
		1B01FAB52C4C167A00CA3675 /* ViewSplitTest.swift in Sources */ = {isa = PBXBuildFile; fileRef = 1B01FAB42C4C167A00CA3675 /* ViewSplitTest.swift */; };
		1B01FAB72C4CBB4B00CA3675 /* AlertSheetTest.swift in Sources */ = {isa = PBXBuildFile; fileRef = 1B01FAB62C4CBB4B00CA3675 /* AlertSheetTest.swift */; };
		1B01FAB92C4CD65900CA3675 /* ObservableTest.swift in Sources */ = {isa = PBXBuildFile; fileRef = 1B01FAB82C4CD65900CA3675 /* ObservableTest.swift */; };
		1B0344E42C34F6B00049A645 /* proj9navigationtest3.swift in Sources */ = {isa = PBXBuildFile; fileRef = 1B0344E32C34F6B00049A645 /* proj9navigationtest3.swift */; };
		1B0344E62C34FF1D0049A645 /* proj9ch4iExpense.swift in Sources */ = {isa = PBXBuildFile; fileRef = 1B0344E52C34FF1D0049A645 /* proj9ch4iExpense.swift */; };
		1B0344E82C3502F60049A645 /* ttttt.swift in Sources */ = {isa = PBXBuildFile; fileRef = 1B0344E72C3502F60049A645 /* ttttt.swift */; };
		1B0344EA2C350E4C0049A645 /* proj9ch4moonshot.swift in Sources */ = {isa = PBXBuildFile; fileRef = 1B0344E92C350E4C0049A645 /* proj9ch4moonshot.swift */; };
		1B0344ED2C35431C0049A645 /* HabitTracker.swift in Sources */ = {isa = PBXBuildFile; fileRef = 1B0344EC2C35431C0049A645 /* HabitTracker.swift */; };
		1B05BAF42C43E16B00396FEF /* HotProspects.swift in Sources */ = {isa = PBXBuildFile; fileRef = 1B05BAF32C43E16B00396FEF /* HotProspects.swift */; };
		1B05BAF62C43E58A00396FEF /* SelectTest.swift in Sources */ = {isa = PBXBuildFile; fileRef = 1B05BAF52C43E58A00396FEF /* SelectTest.swift */; };
		1B05BAF82C43F5F600396FEF /* resulttest.swift in Sources */ = {isa = PBXBuildFile; fileRef = 1B05BAF72C43F5F600396FEF /* resulttest.swift */; };
		1B05BAFC2C44293600396FEF /* rowswipetest.swift in Sources */ = {isa = PBXBuildFile; fileRef = 1B05BAFB2C44293600396FEF /* rowswipetest.swift */; };
		1B05BB002C44322200396FEF /* SamplePackage in Frameworks */ = {isa = PBXBuildFile; productRef = 1B05BAFF2C44322200396FEF /* SamplePackage */; };
		1B05BB022C44BD1C00396FEF /* ProspectsView.swift in Sources */ = {isa = PBXBuildFile; fileRef = 1B05BB012C44BD1C00396FEF /* ProspectsView.swift */; };
		1B05BB042C44BF6F00396FEF /* Prospect.swift in Sources */ = {isa = PBXBuildFile; fileRef = 1B05BB032C44BF6F00396FEF /* Prospect.swift */; };
		1B05BB062C44D50100396FEF /* MeView.swift in Sources */ = {isa = PBXBuildFile; fileRef = 1B05BB052C44D50100396FEF /* MeView.swift */; };
		1B05BB092C44F4E600396FEF /* CodeScanner in Frameworks */ = {isa = PBXBuildFile; productRef = 1B05BB082C44F4E600396FEF /* CodeScanner */; };
		1B105E192C4D248C00245D05 /* resorts.json in Resources */ = {isa = PBXBuildFile; fileRef = 1B105E182C4D248C00245D05 /* resorts.json */; };
		1B105E1B2C4D256B00245D05 /* Resort.swift in Sources */ = {isa = PBXBuildFile; fileRef = 1B105E1A2C4D256B00245D05 /* Resort.swift */; };
		1B105E1D2C4E519600245D05 /* WelcomeView.swift in Sources */ = {isa = PBXBuildFile; fileRef = 1B105E1C2C4E519600245D05 /* WelcomeView.swift */; };
		1B105E1F2C4E521600245D05 /* ResortView.swift in Sources */ = {isa = PBXBuildFile; fileRef = 1B105E1E2C4E521600245D05 /* ResortView.swift */; };
		1B105E212C4E540A00245D05 /* SkiDetailsView.swift in Sources */ = {isa = PBXBuildFile; fileRef = 1B105E202C4E540A00245D05 /* SkiDetailsView.swift */; };
		1B105E232C4E547000245D05 /* ResortDetailsView.swift in Sources */ = {isa = PBXBuildFile; fileRef = 1B105E222C4E547000245D05 /* ResortDetailsView.swift */; };
		1B19082E2C4220550030CCC4 /* EditMapViewModel.swift in Sources */ = {isa = PBXBuildFile; fileRef = 1B19082D2C4220550030CCC4 /* EditMapViewModel.swift */; };
		1B35542A2C422C060015BE5D /* OviceTest.swift in Sources */ = {isa = PBXBuildFile; fileRef = 1B3554292C422C060015BE5D /* OviceTest.swift */; };
		1B35542C2C4257C80015BE5D /* OviceTest2.swift in Sources */ = {isa = PBXBuildFile; fileRef = 1B35542B2C4257C80015BE5D /* OviceTest2.swift */; };
		1B35542E2C425A250015BE5D /* GuessFlag3.swift in Sources */ = {isa = PBXBuildFile; fileRef = 1B35542D2C425A250015BE5D /* GuessFlag3.swift */; };
		1B3554302C425C410015BE5D /* WordScramble2.swift in Sources */ = {isa = PBXBuildFile; fileRef = 1B35542F2C425C410015BE5D /* WordScramble2.swift */; };
		1B4D7D7B2C369642006CDD0D /* Book.swift in Sources */ = {isa = PBXBuildFile; fileRef = 1B4D7D7A2C369642006CDD0D /* Book.swift */; };
		1B4D7D992C369842006CDD0D /* AddBookView.swift in Sources */ = {isa = PBXBuildFile; fileRef = 1B4D7D982C369842006CDD0D /* AddBookView.swift */; };
		1B4D7D9B2C369D04006CDD0D /* RatingView.swift in Sources */ = {isa = PBXBuildFile; fileRef = 1B4D7D9A2C369D04006CDD0D /* RatingView.swift */; };
		1B4D7D9D2C369FCC006CDD0D /* EmojiRatingView.swift in Sources */ = {isa = PBXBuildFile; fileRef = 1B4D7D9C2C369FCC006CDD0D /* EmojiRatingView.swift */; };
		1B4D7DBB2C36A1BB006CDD0D /* DetailView.swift in Sources */ = {isa = PBXBuildFile; fileRef = 1B4D7DBA2C36A1BB006CDD0D /* DetailView.swift */; };
		1B4D7DBE2C378E71006CDD0D /* SwiftDataProject.swift in Sources */ = {isa = PBXBuildFile; fileRef = 1B4D7DBD2C378E71006CDD0D /* SwiftDataProject.swift */; };
		1B4D7DC02C37A30B006CDD0D /* User.swift in Sources */ = {isa = PBXBuildFile; fileRef = 1B4D7DBF2C37A30B006CDD0D /* User.swift */; };
		1B4D7DC22C37A393006CDD0D /* EditUserP12View.swift in Sources */ = {isa = PBXBuildFile; fileRef = 1B4D7DC12C37A393006CDD0D /* EditUserP12View.swift */; };
		1B4D7DC42C37A6C5006CDD0D /* UsersView.swift in Sources */ = {isa = PBXBuildFile; fileRef = 1B4D7DC32C37A6C5006CDD0D /* UsersView.swift */; };
		1B5DCA022C4FFF5400D1DEB2 /* Facility.swift in Sources */ = {isa = PBXBuildFile; fileRef = 1B5DCA012C4FFF5400D1DEB2 /* Facility.swift */; };
		1B5DCA042C50018900D1DEB2 /* Favorites.swift in Sources */ = {isa = PBXBuildFile; fileRef = 1B5DCA032C50018900D1DEB2 /* Favorites.swift */; };
		1B66A47A2C364B8C007AB923 /* Order.swift in Sources */ = {isa = PBXBuildFile; fileRef = 1B66A4792C364B8C007AB923 /* Order.swift */; };
		1B66A47E2C364D89007AB923 /* AddressView.swift in Sources */ = {isa = PBXBuildFile; fileRef = 1B66A47D2C364D89007AB923 /* AddressView.swift */; };
		1B66A4802C36520B007AB923 /* CheckoutView.swift in Sources */ = {isa = PBXBuildFile; fileRef = 1B66A47F2C36520B007AB923 /* CheckoutView.swift */; };
		1B66A4832C3678DF007AB923 /* Bookworm.swift in Sources */ = {isa = PBXBuildFile; fileRef = 1B66A4822C3678DF007AB923 /* Bookworm.swift */; };
		1B66A4872C367BD5007AB923 /* bingtest.swift in Sources */ = {isa = PBXBuildFile; fileRef = 1B66A4862C367BD5007AB923 /* bingtest.swift */; };
		1B66A4892C367F68007AB923 /* TextEditorTest.swift in Sources */ = {isa = PBXBuildFile; fileRef = 1B66A4882C367F68007AB923 /* TextEditorTest.swift */; };
		1B66A48B2C36822C007AB923 /* Student.swift in Sources */ = {isa = PBXBuildFile; fileRef = 1B66A48A2C36822C007AB923 /* Student.swift */; };
		1B66A48D2C368928007AB923 /* CheckSplit.swift in Sources */ = {isa = PBXBuildFile; fileRef = 1B66A48C2C368928007AB923 /* CheckSplit.swift */; };
		1B6B8ED22C3CF19200DBDDCD /* UserC5.swift in Sources */ = {isa = PBXBuildFile; fileRef = 1B6B8ED12C3CF19200DBDDCD /* UserC5.swift */; };
		1B6B8ED62C3D09F800DBDDCD /* FriendFaceShow.swift in Sources */ = {isa = PBXBuildFile; fileRef = 1B6B8ED52C3D09F800DBDDCD /* FriendFaceShow.swift */; };
		1B6B8ED82C3D0BAA00DBDDCD /* UserC15View.swift in Sources */ = {isa = PBXBuildFile; fileRef = 1B6B8ED72C3D0BAA00DBDDCD /* UserC15View.swift */; };
		1B776B012C427C9600BFD0BE /* PicAnnotate.swift in Sources */ = {isa = PBXBuildFile; fileRef = 1B776B002C427C9600BFD0BE /* PicAnnotate.swift */; };
		1B776B032C427CC200BFD0BE /* PicAnnotateViewModel.swift in Sources */ = {isa = PBXBuildFile; fileRef = 1B776B022C427CC200BFD0BE /* PicAnnotateViewModel.swift */; };
		1B98B3F62C37C554008FBE90 /* iExprenseSD.swift in Sources */ = {isa = PBXBuildFile; fileRef = 1B98B3F52C37C554008FBE90 /* iExprenseSD.swift */; };
		1BA3F8932C33DA8E00CA5FEA /* astronauts.json in Resources */ = {isa = PBXBuildFile; fileRef = 1BA3F8922C33DA8E00CA5FEA /* astronauts.json */; };
		1BA3F8952C33DA9800CA5FEA /* missions.json in Resources */ = {isa = PBXBuildFile; fileRef = 1BA3F8942C33DA9800CA5FEA /* missions.json */; };
		1BA3F89D2C33DCF300CA5FEA /* Astronaut.swift in Sources */ = {isa = PBXBuildFile; fileRef = 1BA3F89C2C33DCF300CA5FEA /* Astronaut.swift */; };
		1BA3F89F2C33DD2000CA5FEA /*  Bundle-Decodable.swift in Sources */ = {isa = PBXBuildFile; fileRef = 1BA3F89E2C33DD2000CA5FEA /*  Bundle-Decodable.swift */; };
		1BA3F8A12C33DEF900CA5FEA /* Moonshot.swift in Sources */ = {isa = PBXBuildFile; fileRef = 1BA3F8A02C33DEF900CA5FEA /* Moonshot.swift */; };
		1BA3F8A32C33E2C600CA5FEA /* Mission.swift in Sources */ = {isa = PBXBuildFile; fileRef = 1BA3F8A22C33E2C600CA5FEA /* Mission.swift */; };
		1BA3F8A52C33EEF300CA5FEA /* Color-Theme.swift in Sources */ = {isa = PBXBuildFile; fileRef = 1BA3F8A42C33EEF300CA5FEA /* Color-Theme.swift */; };
		1BA3F8A72C33F36F00CA5FEA /* MissionView.swift in Sources */ = {isa = PBXBuildFile; fileRef = 1BA3F8A62C33F36F00CA5FEA /* MissionView.swift */; };
		1BA3F8AB2C34010600CA5FEA /* AstronautView.swift in Sources */ = {isa = PBXBuildFile; fileRef = 1BA3F8AA2C34010600CA5FEA /* AstronautView.swift */; };
		1BA86D362C2BC49F006CEEBB /* WeSplitApp.swift in Sources */ = {isa = PBXBuildFile; fileRef = 1BA86D352C2BC49F006CEEBB /* WeSplitApp.swift */; };
		1BA86D382C2BC49F006CEEBB /* ContentView.swift in Sources */ = {isa = PBXBuildFile; fileRef = 1BA86D372C2BC49F006CEEBB /* ContentView.swift */; };
		1BA86D3A2C2BC4A1006CEEBB /* Assets.xcassets in Resources */ = {isa = PBXBuildFile; fileRef = 1BA86D392C2BC4A1006CEEBB /* Assets.xcassets */; };
		1BA86D3D2C2BC4A1006CEEBB /* Preview Assets.xcassets in Resources */ = {isa = PBXBuildFile; fileRef = 1BA86D3C2C2BC4A1006CEEBB /* Preview Assets.xcassets */; };
		1BA86D442C2D08DF006CEEBB /* TempConv.swift in Sources */ = {isa = PBXBuildFile; fileRef = 1BA86D432C2D08DF006CEEBB /* TempConv.swift */; };
		1BA86D462C2D3CEB006CEEBB /* GuessTheFlag.swift in Sources */ = {isa = PBXBuildFile; fileRef = 1BA86D452C2D3CEB006CEEBB /* GuessTheFlag.swift */; };
		1BA86D4A2C2D6209006CEEBB /* button.swift in Sources */ = {isa = PBXBuildFile; fileRef = 1BA86D492C2D6209006CEEBB /* button.swift */; };
		1BADF41F2C3E5DC3009C1711 /* PhotoLibTest.swift in Sources */ = {isa = PBXBuildFile; fileRef = 1BADF41E2C3E5DC3009C1711 /* PhotoLibTest.swift */; };
		1BADF4212C3E6E6A009C1711 /* PhotoShareTest.swift in Sources */ = {isa = PBXBuildFile; fileRef = 1BADF4202C3E6E6A009C1711 /* PhotoShareTest.swift */; };
		1BADF4242C3E896F009C1711 /* BucketList.swift in Sources */ = {isa = PBXBuildFile; fileRef = 1BADF4232C3E896F009C1711 /* BucketList.swift */; };
		1BADF4262C3E8A7A009C1711 /* UserP14.swift in Sources */ = {isa = PBXBuildFile; fileRef = 1BADF4252C3E8A7A009C1711 /* UserP14.swift */; };
		1BADF4282C3E9173009C1711 /* FileManagerBundle.swift in Sources */ = {isa = PBXBuildFile; fileRef = 1BADF4272C3E9173009C1711 /* FileManagerBundle.swift */; };
		1BC2219D2C36457A00771475 /* proj10networktest2.swift in Sources */ = {isa = PBXBuildFile; fileRef = 1BC2219C2C36457A00771475 /* proj10networktest2.swift */; };
		1BC25B0C2C40EB92000D5B84 /* EditMapView.swift in Sources */ = {isa = PBXBuildFile; fileRef = 1BC25B0B2C40EB92000D5B84 /* EditMapView.swift */; };
		1BC25B0E2C412250000D5B84 /* MapResult.swift in Sources */ = {isa = PBXBuildFile; fileRef = 1BC25B0D2C412250000D5B84 /* MapResult.swift */; };
		1BC25B102C4179CE000D5B84 /* MapContentView-ViewModel.swift in Sources */ = {isa = PBXBuildFile; fileRef = 1BC25B0F2C4179CE000D5B84 /* MapContentView-ViewModel.swift */; };
		1BE604442C45591A00656ED6 /* ProspectsDetailView.swift in Sources */ = {isa = PBXBuildFile; fileRef = 1BE604432C45591A00656ED6 /* ProspectsDetailView.swift */; };
		1BE604472C4578AC00656ED6 /* Flashzilla.swift in Sources */ = {isa = PBXBuildFile; fileRef = 1BE604462C4578AC00656ED6 /* Flashzilla.swift */; };
		1BE604492C45793800656ED6 /* GestureTest.swift in Sources */ = {isa = PBXBuildFile; fileRef = 1BE604482C45793800656ED6 /* GestureTest.swift */; };
		1BE6044B2C46C6B800656ED6 /* TimerTest.swift in Sources */ = {isa = PBXBuildFile; fileRef = 1BE6044A2C46C6B800656ED6 /* TimerTest.swift */; };
		E70A310C2C32CB960047C834 /* proj8test.swift in Sources */ = {isa = PBXBuildFile; fileRef = E70A310B2C32CB960047C834 /* proj8test.swift */; };
		E70A310E2C32F27E0047C834 /* proj8test2.swift in Sources */ = {isa = PBXBuildFile; fileRef = E70A310D2C32F27E0047C834 /* proj8test2.swift */; };
		E73E68232C3EDE7B00F8B509 /* ConditionTest.swift in Sources */ = {isa = PBXBuildFile; fileRef = E73E68222C3EDE7B00F8B509 /* ConditionTest.swift */; };
		E73E68252C3EE2B200F8B509 /* MapTest.swift in Sources */ = {isa = PBXBuildFile; fileRef = E73E68242C3EE2B200F8B509 /* MapTest.swift */; };
		E73E68272C3EE6CF00F8B509 /* authenticationTest.swift in Sources */ = {isa = PBXBuildFile; fileRef = E73E68262C3EE6CF00F8B509 /* authenticationTest.swift */; };
		E7785C202C403EBD0093B728 /* Location.swift in Sources */ = {isa = PBXBuildFile; fileRef = E7785C1F2C403EBD0093B728 /* Location.swift */; };
		E7AB15022C2DA0490020F7EA /* GuessFlag2.swift in Sources */ = {isa = PBXBuildFile; fileRef = E7AB15012C2DA0490020F7EA /* GuessFlag2.swift */; };
		E7AB15052C2E4F1C0020F7EA /* ViewsAndModifiers.swift in Sources */ = {isa = PBXBuildFile; fileRef = E7AB15042C2E4F1C0020F7EA /* ViewsAndModifiers.swift */; };
		E7AB15072C2E84820020F7EA /* CustomContainer.swift in Sources */ = {isa = PBXBuildFile; fileRef = E7AB15062C2E84820020F7EA /* CustomContainer.swift */; };
		E7AB150A2C2EA1D30020F7EA /* challeng_c2.swift in Sources */ = {isa = PBXBuildFile; fileRef = E7AB15092C2EA1D30020F7EA /* challeng_c2.swift */; };
		E7AB150E2C2ECA7B0020F7EA /* BetterRest.swift in Sources */ = {isa = PBXBuildFile; fileRef = E7AB150D2C2ECA7B0020F7EA /* BetterRest.swift */; };
		E7AB15102C2F9EF50020F7EA /* SleepCalculator.mlmodel in Sources */ = {isa = PBXBuildFile; fileRef = E7AB150F2C2F9EF50020F7EA /* SleepCalculator.mlmodel */; };
		E7AB15132C2FB1590020F7EA /* WordScramble.swift in Sources */ = {isa = PBXBuildFile; fileRef = E7AB15122C2FB1590020F7EA /* WordScramble.swift */; };
		E7AB15152C2FDCF00020F7EA /* start.txt in Resources */ = {isa = PBXBuildFile; fileRef = E7AB15142C2FDCF00020F7EA /* start.txt */; };
		E7AB152B2C3027280020F7EA /* AnimationTest.swift in Sources */ = {isa = PBXBuildFile; fileRef = E7AB152A2C3027280020F7EA /* AnimationTest.swift */; };
		E7AB152D2C3137BC0020F7EA /* AnimationTest2.swift in Sources */ = {isa = PBXBuildFile; fileRef = E7AB152C2C3137BC0020F7EA /* AnimationTest2.swift */; };
		E7AB152F2C31462A0020F7EA /* proj6ch.swift in Sources */ = {isa = PBXBuildFile; fileRef = E7AB152E2C31462A0020F7EA /* proj6ch.swift */; };
		E7AB15322C3197C40020F7EA /* Consolidation3Test.swift in Sources */ = {isa = PBXBuildFile; fileRef = E7AB15312C3197C40020F7EA /* Consolidation3Test.swift */; };
		E7AB15502C3269210020F7EA /* iExpense.swift in Sources */ = {isa = PBXBuildFile; fileRef = E7AB154F2C3269210020F7EA /* iExpense.swift */; };
		E7AB15522C32B1550020F7EA /* iExprense2.swift in Sources */ = {isa = PBXBuildFile; fileRef = E7AB15512C32B1550020F7EA /* iExprense2.swift */; };
		E7AB15542C32B90F0020F7EA /* AddView.swift in Sources */ = {isa = PBXBuildFile; fileRef = E7AB15532C32B90F0020F7EA /* AddView.swift */; };
		E7C13B962C3428D3007AA957 /* proj9NavigationTest.swift in Sources */ = {isa = PBXBuildFile; fileRef = E7C13B952C3428D3007AA957 /* proj9NavigationTest.swift */; };
		E7C13B982C345D50007AA957 /* proj9NavigationTest2.swift in Sources */ = {isa = PBXBuildFile; fileRef = E7C13B972C345D50007AA957 /* proj9NavigationTest2.swift */; };
		E7CE1E3B2C35973100698D66 /* CupcakeCorner.swift in Sources */ = {isa = PBXBuildFile; fileRef = E7CE1E3A2C35973100698D66 /* CupcakeCorner.swift */; };
		E7CE1E3D2C359A1700698D66 /* proj10networktest1.swift in Sources */ = {isa = PBXBuildFile; fileRef = E7CE1E3C2C359A1700698D66 /* proj10networktest1.swift */; };
		E7DB29B42C3E113A00D23D04 /* Instafilter.swift in Sources */ = {isa = PBXBuildFile; fileRef = E7DB29B32C3E113A00D23D04 /* Instafilter.swift */; };
		E7DB29B62C3E11A000D23D04 /* proj13test1.swift in Sources */ = {isa = PBXBuildFile; fileRef = E7DB29B52C3E11A000D23D04 /* proj13test1.swift */; };
		E7DB29B82C3E217100D23D04 /* CoreImageTest.swift in Sources */ = {isa = PBXBuildFile; fileRef = E7DB29B72C3E217100D23D04 /* CoreImageTest.swift */; };
/* End PBXBuildFile section */

/* Begin PBXFileReference section */
		1B01FA912C47AF0E00CA3675 /* Card.swift */ = {isa = PBXFileReference; lastKnownFileType = sourcecode.swift; path = Card.swift; sourceTree = "<group>"; };
		1B01FA932C47B07500CA3675 /* CardView.swift */ = {isa = PBXFileReference; lastKnownFileType = sourcecode.swift; path = CardView.swift; sourceTree = "<group>"; };
		1B01FA952C4A890A00CA3675 /* EditCard.swift */ = {isa = PBXFileReference; lastKnownFileType = sourcecode.swift; path = EditCard.swift; sourceTree = "<group>"; };
		1B01FA982C4B84B500CA3675 /* LayoutAndGeometry.swift */ = {isa = PBXFileReference; lastKnownFileType = sourcecode.swift; path = LayoutAndGeometry.swift; sourceTree = "<group>"; };
		1B01FA9A2C4B896F00CA3675 /* LayoutTest.swift */ = {isa = PBXFileReference; lastKnownFileType = sourcecode.swift; path = LayoutTest.swift; sourceTree = "<group>"; };
		1B01FA9C2C4B964B00CA3675 /* AlignmentTest.swift */ = {isa = PBXFileReference; lastKnownFileType = sourcecode.swift; path = AlignmentTest.swift; sourceTree = "<group>"; };
		1B01FA9E2C4B9B3B00CA3675 /* PositionTest.swift */ = {isa = PBXFileReference; lastKnownFileType = sourcecode.swift; path = PositionTest.swift; sourceTree = "<group>"; };
		1B01FAA02C4BA25800CA3675 /* GeometryReaderTest.swift */ = {isa = PBXFileReference; lastKnownFileType = sourcecode.swift; path = GeometryReaderTest.swift; sourceTree = "<group>"; };
		1B01FAA22C4BB00900CA3675 /* GeometryReaderTest2.swift */ = {isa = PBXFileReference; lastKnownFileType = sourcecode.swift; path = GeometryReaderTest2.swift; sourceTree = "<group>"; };
		1B01FAA42C4BB49000CA3675 /* GeometryReaderTest3.swift */ = {isa = PBXFileReference; lastKnownFileType = sourcecode.swift; path = GeometryReaderTest3.swift; sourceTree = "<group>"; };
		1B01FAA92C4C0AC700CA3675 /* RollResultsView.swift */ = {isa = PBXFileReference; lastKnownFileType = sourcecode.swift; path = RollResultsView.swift; sourceTree = "<group>"; };
		1B01FAAB2C4C0AFC00CA3675 /* GameResults.swift */ = {isa = PBXFileReference; lastKnownFileType = sourcecode.swift; path = GameResults.swift; sourceTree = "<group>"; };
		1B01FAAD2C4C0B1900CA3675 /* FileManager-Extension.swift */ = {isa = PBXFileReference; lastKnownFileType = sourcecode.swift; path = "FileManager-Extension.swift"; sourceTree = "<group>"; };
		1B01FAAF2C4C0B4600CA3675 /* RollDice.swift */ = {isa = PBXFileReference; lastKnownFileType = sourcecode.swift; path = RollDice.swift; sourceTree = "<group>"; };
		1B01FAB22C4C0EC000CA3675 /* SnowSeeker.swift */ = {isa = PBXFileReference; lastKnownFileType = sourcecode.swift; path = SnowSeeker.swift; sourceTree = "<group>"; };
		1B01FAB42C4C167A00CA3675 /* ViewSplitTest.swift */ = {isa = PBXFileReference; lastKnownFileType = sourcecode.swift; path = ViewSplitTest.swift; sourceTree = "<group>"; };
		1B01FAB62C4CBB4B00CA3675 /* AlertSheetTest.swift */ = {isa = PBXFileReference; lastKnownFileType = sourcecode.swift; path = AlertSheetTest.swift; sourceTree = "<group>"; };
		1B01FAB82C4CD65900CA3675 /* ObservableTest.swift */ = {isa = PBXFileReference; lastKnownFileType = sourcecode.swift; path = ObservableTest.swift; sourceTree = "<group>"; };
		1B0344E32C34F6B00049A645 /* proj9navigationtest3.swift */ = {isa = PBXFileReference; lastKnownFileType = sourcecode.swift; path = proj9navigationtest3.swift; sourceTree = "<group>"; };
		1B0344E52C34FF1D0049A645 /* proj9ch4iExpense.swift */ = {isa = PBXFileReference; lastKnownFileType = sourcecode.swift; path = proj9ch4iExpense.swift; sourceTree = "<group>"; };
		1B0344E72C3502F60049A645 /* ttttt.swift */ = {isa = PBXFileReference; lastKnownFileType = sourcecode.swift; path = ttttt.swift; sourceTree = "<group>"; };
		1B0344E92C350E4C0049A645 /* proj9ch4moonshot.swift */ = {isa = PBXFileReference; lastKnownFileType = sourcecode.swift; path = proj9ch4moonshot.swift; sourceTree = "<group>"; };
		1B0344EC2C35431C0049A645 /* HabitTracker.swift */ = {isa = PBXFileReference; lastKnownFileType = sourcecode.swift; path = HabitTracker.swift; sourceTree = "<group>"; };
		1B05BAF32C43E16B00396FEF /* HotProspects.swift */ = {isa = PBXFileReference; lastKnownFileType = sourcecode.swift; path = HotProspects.swift; sourceTree = "<group>"; };
		1B05BAF52C43E58A00396FEF /* SelectTest.swift */ = {isa = PBXFileReference; lastKnownFileType = sourcecode.swift; path = SelectTest.swift; sourceTree = "<group>"; };
		1B05BAF72C43F5F600396FEF /* resulttest.swift */ = {isa = PBXFileReference; lastKnownFileType = sourcecode.swift; path = resulttest.swift; sourceTree = "<group>"; };
		1B05BAFB2C44293600396FEF /* rowswipetest.swift */ = {isa = PBXFileReference; lastKnownFileType = sourcecode.swift; path = rowswipetest.swift; sourceTree = "<group>"; };
		1B05BB012C44BD1C00396FEF /* ProspectsView.swift */ = {isa = PBXFileReference; lastKnownFileType = sourcecode.swift; path = ProspectsView.swift; sourceTree = "<group>"; };
		1B05BB032C44BF6F00396FEF /* Prospect.swift */ = {isa = PBXFileReference; lastKnownFileType = sourcecode.swift; path = Prospect.swift; sourceTree = "<group>"; };
		1B05BB052C44D50100396FEF /* MeView.swift */ = {isa = PBXFileReference; lastKnownFileType = sourcecode.swift; path = MeView.swift; sourceTree = "<group>"; };
		1B105E182C4D248C00245D05 /* resorts.json */ = {isa = PBXFileReference; fileEncoding = 4; lastKnownFileType = text.json; path = resorts.json; sourceTree = "<group>"; };
		1B105E1A2C4D256B00245D05 /* Resort.swift */ = {isa = PBXFileReference; lastKnownFileType = sourcecode.swift; path = Resort.swift; sourceTree = "<group>"; };
		1B105E1C2C4E519600245D05 /* WelcomeView.swift */ = {isa = PBXFileReference; lastKnownFileType = sourcecode.swift; path = WelcomeView.swift; sourceTree = "<group>"; };
		1B105E1E2C4E521600245D05 /* ResortView.swift */ = {isa = PBXFileReference; lastKnownFileType = sourcecode.swift; path = ResortView.swift; sourceTree = "<group>"; };
		1B105E202C4E540A00245D05 /* SkiDetailsView.swift */ = {isa = PBXFileReference; lastKnownFileType = sourcecode.swift; path = SkiDetailsView.swift; sourceTree = "<group>"; };
		1B105E222C4E547000245D05 /* ResortDetailsView.swift */ = {isa = PBXFileReference; lastKnownFileType = sourcecode.swift; path = ResortDetailsView.swift; sourceTree = "<group>"; };
		1B19082D2C4220550030CCC4 /* EditMapViewModel.swift */ = {isa = PBXFileReference; lastKnownFileType = sourcecode.swift; path = EditMapViewModel.swift; sourceTree = "<group>"; };
		1B3554292C422C060015BE5D /* OviceTest.swift */ = {isa = PBXFileReference; lastKnownFileType = sourcecode.swift; path = OviceTest.swift; sourceTree = "<group>"; };
		1B35542B2C4257C80015BE5D /* OviceTest2.swift */ = {isa = PBXFileReference; lastKnownFileType = sourcecode.swift; path = OviceTest2.swift; sourceTree = "<group>"; };
		1B35542D2C425A250015BE5D /* GuessFlag3.swift */ = {isa = PBXFileReference; lastKnownFileType = sourcecode.swift; path = GuessFlag3.swift; sourceTree = "<group>"; };
		1B35542F2C425C410015BE5D /* WordScramble2.swift */ = {isa = PBXFileReference; lastKnownFileType = sourcecode.swift; path = WordScramble2.swift; sourceTree = "<group>"; };
		1B4D7D7A2C369642006CDD0D /* Book.swift */ = {isa = PBXFileReference; lastKnownFileType = sourcecode.swift; path = Book.swift; sourceTree = "<group>"; };
		1B4D7D982C369842006CDD0D /* AddBookView.swift */ = {isa = PBXFileReference; lastKnownFileType = sourcecode.swift; path = AddBookView.swift; sourceTree = "<group>"; };
		1B4D7D9A2C369D04006CDD0D /* RatingView.swift */ = {isa = PBXFileReference; lastKnownFileType = sourcecode.swift; path = RatingView.swift; sourceTree = "<group>"; };
		1B4D7D9C2C369FCC006CDD0D /* EmojiRatingView.swift */ = {isa = PBXFileReference; lastKnownFileType = sourcecode.swift; path = EmojiRatingView.swift; sourceTree = "<group>"; };
		1B4D7DBA2C36A1BB006CDD0D /* DetailView.swift */ = {isa = PBXFileReference; lastKnownFileType = sourcecode.swift; path = DetailView.swift; sourceTree = "<group>"; };
		1B4D7DBD2C378E71006CDD0D /* SwiftDataProject.swift */ = {isa = PBXFileReference; lastKnownFileType = sourcecode.swift; path = SwiftDataProject.swift; sourceTree = "<group>"; };
		1B4D7DBF2C37A30B006CDD0D /* User.swift */ = {isa = PBXFileReference; lastKnownFileType = sourcecode.swift; path = User.swift; sourceTree = "<group>"; };
		1B4D7DC12C37A393006CDD0D /* EditUserP12View.swift */ = {isa = PBXFileReference; lastKnownFileType = sourcecode.swift; path = EditUserP12View.swift; sourceTree = "<group>"; };
		1B4D7DC32C37A6C5006CDD0D /* UsersView.swift */ = {isa = PBXFileReference; lastKnownFileType = sourcecode.swift; path = UsersView.swift; sourceTree = "<group>"; };
		1B5DCA012C4FFF5400D1DEB2 /* Facility.swift */ = {isa = PBXFileReference; lastKnownFileType = sourcecode.swift; path = Facility.swift; sourceTree = "<group>"; };
		1B5DCA032C50018900D1DEB2 /* Favorites.swift */ = {isa = PBXFileReference; lastKnownFileType = sourcecode.swift; path = Favorites.swift; sourceTree = "<group>"; };
		1B66A4792C364B8C007AB923 /* Order.swift */ = {isa = PBXFileReference; lastKnownFileType = sourcecode.swift; path = Order.swift; sourceTree = "<group>"; };
		1B66A47D2C364D89007AB923 /* AddressView.swift */ = {isa = PBXFileReference; lastKnownFileType = sourcecode.swift; path = AddressView.swift; sourceTree = "<group>"; };
		1B66A47F2C36520B007AB923 /* CheckoutView.swift */ = {isa = PBXFileReference; lastKnownFileType = sourcecode.swift; path = CheckoutView.swift; sourceTree = "<group>"; };
		1B66A4822C3678DF007AB923 /* Bookworm.swift */ = {isa = PBXFileReference; lastKnownFileType = sourcecode.swift; path = Bookworm.swift; sourceTree = "<group>"; };
		1B66A4862C367BD5007AB923 /* bingtest.swift */ = {isa = PBXFileReference; lastKnownFileType = sourcecode.swift; path = bingtest.swift; sourceTree = "<group>"; };
		1B66A4882C367F68007AB923 /* TextEditorTest.swift */ = {isa = PBXFileReference; lastKnownFileType = sourcecode.swift; path = TextEditorTest.swift; sourceTree = "<group>"; };
		1B66A48A2C36822C007AB923 /* Student.swift */ = {isa = PBXFileReference; lastKnownFileType = sourcecode.swift; path = Student.swift; sourceTree = "<group>"; };
		1B66A48C2C368928007AB923 /* CheckSplit.swift */ = {isa = PBXFileReference; lastKnownFileType = sourcecode.swift; path = CheckSplit.swift; sourceTree = "<group>"; };
		1B6B8ED12C3CF19200DBDDCD /* UserC5.swift */ = {isa = PBXFileReference; lastKnownFileType = sourcecode.swift; path = UserC5.swift; sourceTree = "<group>"; };
		1B6B8ED52C3D09F800DBDDCD /* FriendFaceShow.swift */ = {isa = PBXFileReference; lastKnownFileType = sourcecode.swift; path = FriendFaceShow.swift; sourceTree = "<group>"; };
		1B6B8ED72C3D0BAA00DBDDCD /* UserC15View.swift */ = {isa = PBXFileReference; lastKnownFileType = sourcecode.swift; path = UserC15View.swift; sourceTree = "<group>"; };
		1B776B002C427C9600BFD0BE /* PicAnnotate.swift */ = {isa = PBXFileReference; lastKnownFileType = sourcecode.swift; path = PicAnnotate.swift; sourceTree = "<group>"; };
		1B776B022C427CC200BFD0BE /* PicAnnotateViewModel.swift */ = {isa = PBXFileReference; lastKnownFileType = sourcecode.swift; path = PicAnnotateViewModel.swift; sourceTree = "<group>"; };
		1B98B3F52C37C554008FBE90 /* iExprenseSD.swift */ = {isa = PBXFileReference; lastKnownFileType = sourcecode.swift; path = iExprenseSD.swift; sourceTree = "<group>"; };
		1BA3F8922C33DA8E00CA5FEA /* astronauts.json */ = {isa = PBXFileReference; fileEncoding = 4; lastKnownFileType = text.json; path = astronauts.json; sourceTree = "<group>"; };
		1BA3F8942C33DA9800CA5FEA /* missions.json */ = {isa = PBXFileReference; fileEncoding = 4; lastKnownFileType = text.json; path = missions.json; sourceTree = "<group>"; };
		1BA3F89C2C33DCF300CA5FEA /* Astronaut.swift */ = {isa = PBXFileReference; lastKnownFileType = sourcecode.swift; path = Astronaut.swift; sourceTree = "<group>"; };
		1BA3F89E2C33DD2000CA5FEA /*  Bundle-Decodable.swift */ = {isa = PBXFileReference; lastKnownFileType = sourcecode.swift; path = " Bundle-Decodable.swift"; sourceTree = "<group>"; };
		1BA3F8A02C33DEF900CA5FEA /* Moonshot.swift */ = {isa = PBXFileReference; lastKnownFileType = sourcecode.swift; path = Moonshot.swift; sourceTree = "<group>"; };
		1BA3F8A22C33E2C600CA5FEA /* Mission.swift */ = {isa = PBXFileReference; lastKnownFileType = sourcecode.swift; path = Mission.swift; sourceTree = "<group>"; };
		1BA3F8A42C33EEF300CA5FEA /* Color-Theme.swift */ = {isa = PBXFileReference; lastKnownFileType = sourcecode.swift; path = "Color-Theme.swift"; sourceTree = "<group>"; };
		1BA3F8A62C33F36F00CA5FEA /* MissionView.swift */ = {isa = PBXFileReference; lastKnownFileType = sourcecode.swift; path = MissionView.swift; sourceTree = "<group>"; };
		1BA3F8AA2C34010600CA5FEA /* AstronautView.swift */ = {isa = PBXFileReference; lastKnownFileType = sourcecode.swift; path = AstronautView.swift; sourceTree = "<group>"; };
		1BA86D322C2BC49F006CEEBB /* WeSplit.app */ = {isa = PBXFileReference; explicitFileType = wrapper.application; includeInIndex = 0; path = WeSplit.app; sourceTree = BUILT_PRODUCTS_DIR; };
		1BA86D352C2BC49F006CEEBB /* WeSplitApp.swift */ = {isa = PBXFileReference; lastKnownFileType = sourcecode.swift; path = WeSplitApp.swift; sourceTree = "<group>"; };
		1BA86D372C2BC49F006CEEBB /* ContentView.swift */ = {isa = PBXFileReference; lastKnownFileType = sourcecode.swift; path = ContentView.swift; sourceTree = "<group>"; };
		1BA86D392C2BC4A1006CEEBB /* Assets.xcassets */ = {isa = PBXFileReference; lastKnownFileType = folder.assetcatalog; path = Assets.xcassets; sourceTree = "<group>"; };
		1BA86D3C2C2BC4A1006CEEBB /* Preview Assets.xcassets */ = {isa = PBXFileReference; lastKnownFileType = folder.assetcatalog; path = "Preview Assets.xcassets"; sourceTree = "<group>"; };
		1BA86D432C2D08DF006CEEBB /* TempConv.swift */ = {isa = PBXFileReference; lastKnownFileType = sourcecode.swift; path = TempConv.swift; sourceTree = "<group>"; };
		1BA86D452C2D3CEB006CEEBB /* GuessTheFlag.swift */ = {isa = PBXFileReference; lastKnownFileType = sourcecode.swift; path = GuessTheFlag.swift; sourceTree = "<group>"; };
		1BA86D492C2D6209006CEEBB /* button.swift */ = {isa = PBXFileReference; lastKnownFileType = sourcecode.swift; path = button.swift; sourceTree = "<group>"; };
		1BADF41E2C3E5DC3009C1711 /* PhotoLibTest.swift */ = {isa = PBXFileReference; lastKnownFileType = sourcecode.swift; path = PhotoLibTest.swift; sourceTree = "<group>"; };
		1BADF4202C3E6E6A009C1711 /* PhotoShareTest.swift */ = {isa = PBXFileReference; lastKnownFileType = sourcecode.swift; path = PhotoShareTest.swift; sourceTree = "<group>"; };
		1BADF4232C3E896F009C1711 /* BucketList.swift */ = {isa = PBXFileReference; lastKnownFileType = sourcecode.swift; path = BucketList.swift; sourceTree = "<group>"; };
		1BADF4252C3E8A7A009C1711 /* UserP14.swift */ = {isa = PBXFileReference; lastKnownFileType = sourcecode.swift; path = UserP14.swift; sourceTree = "<group>"; };
		1BADF4272C3E9173009C1711 /* FileManagerBundle.swift */ = {isa = PBXFileReference; lastKnownFileType = sourcecode.swift; path = FileManagerBundle.swift; sourceTree = "<group>"; };
		1BC2219C2C36457A00771475 /* proj10networktest2.swift */ = {isa = PBXFileReference; lastKnownFileType = sourcecode.swift; path = proj10networktest2.swift; sourceTree = "<group>"; };
		1BC25B0B2C40EB92000D5B84 /* EditMapView.swift */ = {isa = PBXFileReference; lastKnownFileType = sourcecode.swift; path = EditMapView.swift; sourceTree = "<group>"; };
		1BC25B0D2C412250000D5B84 /* MapResult.swift */ = {isa = PBXFileReference; lastKnownFileType = sourcecode.swift; path = MapResult.swift; sourceTree = "<group>"; };
		1BC25B0F2C4179CE000D5B84 /* MapContentView-ViewModel.swift */ = {isa = PBXFileReference; lastKnownFileType = sourcecode.swift; path = "MapContentView-ViewModel.swift"; sourceTree = "<group>"; };
		1BE604432C45591A00656ED6 /* ProspectsDetailView.swift */ = {isa = PBXFileReference; lastKnownFileType = sourcecode.swift; path = ProspectsDetailView.swift; sourceTree = "<group>"; };
		1BE604462C4578AC00656ED6 /* Flashzilla.swift */ = {isa = PBXFileReference; lastKnownFileType = sourcecode.swift; path = Flashzilla.swift; sourceTree = "<group>"; };
		1BE604482C45793800656ED6 /* GestureTest.swift */ = {isa = PBXFileReference; lastKnownFileType = sourcecode.swift; path = GestureTest.swift; sourceTree = "<group>"; };
		1BE6044A2C46C6B800656ED6 /* TimerTest.swift */ = {isa = PBXFileReference; lastKnownFileType = sourcecode.swift; path = TimerTest.swift; sourceTree = "<group>"; };
		E70A310B2C32CB960047C834 /* proj8test.swift */ = {isa = PBXFileReference; lastKnownFileType = sourcecode.swift; path = proj8test.swift; sourceTree = "<group>"; };
		E70A310D2C32F27E0047C834 /* proj8test2.swift */ = {isa = PBXFileReference; lastKnownFileType = sourcecode.swift; path = proj8test2.swift; sourceTree = "<group>"; };
		E73E68222C3EDE7B00F8B509 /* ConditionTest.swift */ = {isa = PBXFileReference; lastKnownFileType = sourcecode.swift; path = ConditionTest.swift; sourceTree = "<group>"; };
		E73E68242C3EE2B200F8B509 /* MapTest.swift */ = {isa = PBXFileReference; lastKnownFileType = sourcecode.swift; path = MapTest.swift; sourceTree = "<group>"; };
		E73E68262C3EE6CF00F8B509 /* authenticationTest.swift */ = {isa = PBXFileReference; lastKnownFileType = sourcecode.swift; path = authenticationTest.swift; sourceTree = "<group>"; };
		E73E68282C3EE7AB00F8B509 /* Info.plist */ = {isa = PBXFileReference; lastKnownFileType = text.plist; path = Info.plist; sourceTree = "<group>"; };
		E7785C1F2C403EBD0093B728 /* Location.swift */ = {isa = PBXFileReference; lastKnownFileType = sourcecode.swift; path = Location.swift; sourceTree = "<group>"; };
		E7AB15012C2DA0490020F7EA /* GuessFlag2.swift */ = {isa = PBXFileReference; lastKnownFileType = sourcecode.swift; path = GuessFlag2.swift; sourceTree = "<group>"; };
		E7AB15042C2E4F1C0020F7EA /* ViewsAndModifiers.swift */ = {isa = PBXFileReference; lastKnownFileType = sourcecode.swift; path = ViewsAndModifiers.swift; sourceTree = "<group>"; };
		E7AB15062C2E84820020F7EA /* CustomContainer.swift */ = {isa = PBXFileReference; lastKnownFileType = sourcecode.swift; path = CustomContainer.swift; sourceTree = "<group>"; };
		E7AB15092C2EA1D30020F7EA /* challeng_c2.swift */ = {isa = PBXFileReference; lastKnownFileType = sourcecode.swift; path = challeng_c2.swift; sourceTree = "<group>"; };
		E7AB150D2C2ECA7B0020F7EA /* BetterRest.swift */ = {isa = PBXFileReference; lastKnownFileType = sourcecode.swift; path = BetterRest.swift; sourceTree = "<group>"; };
		E7AB150F2C2F9EF50020F7EA /* SleepCalculator.mlmodel */ = {isa = PBXFileReference; lastKnownFileType = file.mlmodel; path = SleepCalculator.mlmodel; sourceTree = "<group>"; };
		E7AB15122C2FB1590020F7EA /* WordScramble.swift */ = {isa = PBXFileReference; lastKnownFileType = sourcecode.swift; path = WordScramble.swift; sourceTree = "<group>"; };
		E7AB15142C2FDCF00020F7EA /* start.txt */ = {isa = PBXFileReference; fileEncoding = 4; lastKnownFileType = text; path = start.txt; sourceTree = "<group>"; };
		E7AB152A2C3027280020F7EA /* AnimationTest.swift */ = {isa = PBXFileReference; lastKnownFileType = sourcecode.swift; path = AnimationTest.swift; sourceTree = "<group>"; };
		E7AB152C2C3137BC0020F7EA /* AnimationTest2.swift */ = {isa = PBXFileReference; lastKnownFileType = sourcecode.swift; path = AnimationTest2.swift; sourceTree = "<group>"; };
		E7AB152E2C31462A0020F7EA /* proj6ch.swift */ = {isa = PBXFileReference; lastKnownFileType = sourcecode.swift; path = proj6ch.swift; sourceTree = "<group>"; };
		E7AB15312C3197C40020F7EA /* Consolidation3Test.swift */ = {isa = PBXFileReference; lastKnownFileType = sourcecode.swift; path = Consolidation3Test.swift; sourceTree = "<group>"; };
		E7AB154F2C3269210020F7EA /* iExpense.swift */ = {isa = PBXFileReference; lastKnownFileType = sourcecode.swift; path = iExpense.swift; sourceTree = "<group>"; };
		E7AB15512C32B1550020F7EA /* iExprense2.swift */ = {isa = PBXFileReference; lastKnownFileType = sourcecode.swift; path = iExprense2.swift; sourceTree = "<group>"; };
		E7AB15532C32B90F0020F7EA /* AddView.swift */ = {isa = PBXFileReference; lastKnownFileType = sourcecode.swift; path = AddView.swift; sourceTree = "<group>"; };
		E7C13B952C3428D3007AA957 /* proj9NavigationTest.swift */ = {isa = PBXFileReference; lastKnownFileType = sourcecode.swift; path = proj9NavigationTest.swift; sourceTree = "<group>"; };
		E7C13B972C345D50007AA957 /* proj9NavigationTest2.swift */ = {isa = PBXFileReference; lastKnownFileType = sourcecode.swift; path = proj9NavigationTest2.swift; sourceTree = "<group>"; };
		E7CE1E3A2C35973100698D66 /* CupcakeCorner.swift */ = {isa = PBXFileReference; lastKnownFileType = sourcecode.swift; path = CupcakeCorner.swift; sourceTree = "<group>"; };
		E7CE1E3C2C359A1700698D66 /* proj10networktest1.swift */ = {isa = PBXFileReference; lastKnownFileType = sourcecode.swift; path = proj10networktest1.swift; sourceTree = "<group>"; };
		E7DB29B32C3E113A00D23D04 /* Instafilter.swift */ = {isa = PBXFileReference; lastKnownFileType = sourcecode.swift; path = Instafilter.swift; sourceTree = "<group>"; };
		E7DB29B52C3E11A000D23D04 /* proj13test1.swift */ = {isa = PBXFileReference; lastKnownFileType = sourcecode.swift; path = proj13test1.swift; sourceTree = "<group>"; };
		E7DB29B72C3E217100D23D04 /* CoreImageTest.swift */ = {isa = PBXFileReference; lastKnownFileType = sourcecode.swift; path = CoreImageTest.swift; sourceTree = "<group>"; };
/* End PBXFileReference section */

/* Begin PBXFrameworksBuildPhase section */
		1BA86D2F2C2BC49F006CEEBB /* Frameworks */ = {
			isa = PBXFrameworksBuildPhase;
			buildActionMask = 2147483647;
			files = (
				1B05BB092C44F4E600396FEF /* CodeScanner in Frameworks */,
				1B05BB002C44322200396FEF /* SamplePackage in Frameworks */,
			);
			runOnlyForDeploymentPostprocessing = 0;
		};
/* End PBXFrameworksBuildPhase section */

/* Begin PBXGroup section */
		1B01FA972C4B816F00CA3675 /* proj18 */ = {
			isa = PBXGroup;
			children = (
				1B01FA982C4B84B500CA3675 /* LayoutAndGeometry.swift */,
				1B01FA9A2C4B896F00CA3675 /* LayoutTest.swift */,
				1B01FA9C2C4B964B00CA3675 /* AlignmentTest.swift */,
				1B01FA9E2C4B9B3B00CA3675 /* PositionTest.swift */,
				1B01FAA02C4BA25800CA3675 /* GeometryReaderTest.swift */,
				1B01FAA22C4BB00900CA3675 /* GeometryReaderTest2.swift */,
				1B01FAA42C4BB49000CA3675 /* GeometryReaderTest3.swift */,
			);
			path = proj18;
			sourceTree = "<group>";
		};
		1B01FAA82C4C09F600CA3675 /* consolidation7 */ = {
			isa = PBXGroup;
			children = (
				1B01FAA92C4C0AC700CA3675 /* RollResultsView.swift */,
				1B01FAAF2C4C0B4600CA3675 /* RollDice.swift */,
				1B01FAAB2C4C0AFC00CA3675 /* GameResults.swift */,
				1B01FAAD2C4C0B1900CA3675 /* FileManager-Extension.swift */,
			);
			path = consolidation7;
			sourceTree = "<group>";
		};
		1B01FAB12C4C0BA700CA3675 /* proj19 */ = {
			isa = PBXGroup;
			children = (
				1B01FAB22C4C0EC000CA3675 /* SnowSeeker.swift */,
				1B105E202C4E540A00245D05 /* SkiDetailsView.swift */,
				1B105E222C4E547000245D05 /* ResortDetailsView.swift */,
				1B105E1E2C4E521600245D05 /* ResortView.swift */,
				1B5DCA032C50018900D1DEB2 /* Favorites.swift */,
				1B5DCA012C4FFF5400D1DEB2 /* Facility.swift */,
				1B105E1C2C4E519600245D05 /* WelcomeView.swift */,
				1B01FAB42C4C167A00CA3675 /* ViewSplitTest.swift */,
				1B01FAB62C4CBB4B00CA3675 /* AlertSheetTest.swift */,
				1B01FAB82C4CD65900CA3675 /* ObservableTest.swift */,
				1B105E1A2C4D256B00245D05 /* Resort.swift */,
			);
			path = proj19;
			sourceTree = "<group>";
		};
		1B0344EB2C3542FB0049A645 /* Consilidation4 */ = {
			isa = PBXGroup;
			children = (
				1B0344EC2C35431C0049A645 /* HabitTracker.swift */,
			);
			path = Consilidation4;
			sourceTree = "<group>";
		};
		1B05BAF22C43DF9C00396FEF /* proj16 */ = {
			isa = PBXGroup;
			children = (
				1B05BAF32C43E16B00396FEF /* HotProspects.swift */,
				1B05BB032C44BF6F00396FEF /* Prospect.swift */,
				1B05BB012C44BD1C00396FEF /* ProspectsView.swift */,
				1BE604432C45591A00656ED6 /* ProspectsDetailView.swift */,
				1B05BB052C44D50100396FEF /* MeView.swift */,
				1B05BAF52C43E58A00396FEF /* SelectTest.swift */,
				1B05BAF72C43F5F600396FEF /* resulttest.swift */,
				1B05BAFB2C44293600396FEF /* rowswipetest.swift */,
			);
			path = proj16;
			sourceTree = "<group>";
		};
		1B3554262C422ACD0015BE5D /* proj15 */ = {
			isa = PBXGroup;
			children = (
				1B3554292C422C060015BE5D /* OviceTest.swift */,
				1B35542B2C4257C80015BE5D /* OviceTest2.swift */,
				1B35542D2C425A250015BE5D /* GuessFlag3.swift */,
				1B35542F2C425C410015BE5D /* WordScramble2.swift */,
			);
			path = proj15;
			sourceTree = "<group>";
		};
		1B4D7DBC2C378C14006CDD0D /* proj12 */ = {
			isa = PBXGroup;
			children = (
				1B4D7DBD2C378E71006CDD0D /* SwiftDataProject.swift */,
				1B4D7DBF2C37A30B006CDD0D /* User.swift */,
				1B4D7DC32C37A6C5006CDD0D /* UsersView.swift */,
				1B4D7DC12C37A393006CDD0D /* EditUserP12View.swift */,
				1B98B3F52C37C554008FBE90 /* iExprenseSD.swift */,
			);
			path = proj12;
			sourceTree = "<group>";
		};
		1B66A4812C367680007AB923 /* proj11 */ = {
			isa = PBXGroup;
			children = (
				1B66A4822C3678DF007AB923 /* Bookworm.swift */,
				1B4D7DBA2C36A1BB006CDD0D /* DetailView.swift */,
				1B4D7D9C2C369FCC006CDD0D /* EmojiRatingView.swift */,
				1B4D7D9A2C369D04006CDD0D /* RatingView.swift */,
				1B66A4862C367BD5007AB923 /* bingtest.swift */,
				1B66A4882C367F68007AB923 /* TextEditorTest.swift */,
				1B66A48A2C36822C007AB923 /* Student.swift */,
				1B4D7D7A2C369642006CDD0D /* Book.swift */,
				1B4D7D982C369842006CDD0D /* AddBookView.swift */,
			);
			path = proj11;
			sourceTree = "<group>";
		};
		1B6B8ED02C3CF03A00DBDDCD /* Consolidation5 */ = {
			isa = PBXGroup;
			children = (
				1B6B8ED12C3CF19200DBDDCD /* UserC5.swift */,
				1B6B8ED72C3D0BAA00DBDDCD /* UserC15View.swift */,
				1B6B8ED52C3D09F800DBDDCD /* FriendFaceShow.swift */,
			);
			path = Consolidation5;
			sourceTree = "<group>";
		};
		1B776AFF2C427C2800BFD0BE /* Consolidation6 */ = {
			isa = PBXGroup;
			children = (
				1B776B002C427C9600BFD0BE /* PicAnnotate.swift */,
				1B776B022C427CC200BFD0BE /* PicAnnotateViewModel.swift */,
			);
			path = Consolidation6;
			sourceTree = "<group>";
		};
		1BA86D292C2BC49F006CEEBB = {
			isa = PBXGroup;
			children = (
				1B01FAB12C4C0BA700CA3675 /* proj19 */,
				1B01FAA82C4C09F600CA3675 /* consolidation7 */,
				1B01FA972C4B816F00CA3675 /* proj18 */,
				1BE604452C4575C800656ED6 /* proj17 */,
				1B05BAF22C43DF9C00396FEF /* proj16 */,
				1B776AFF2C427C2800BFD0BE /* Consolidation6 */,
				1B3554262C422ACD0015BE5D /* proj15 */,
				1BADF4222C3E88DE009C1711 /* proj14 */,
				E7DB29B22C3E112800D23D04 /* proj13 */,
				1B6B8ED02C3CF03A00DBDDCD /* Consolidation5 */,
				1B4D7DBC2C378C14006CDD0D /* proj12 */,
				1B66A4812C367680007AB923 /* proj11 */,
				E7CE1E392C3596D200698D66 /* proj10 */,
				1B0344EB2C3542FB0049A645 /* Consilidation4 */,
				E7C13B942C3423E8007AA957 /* proj9 */,
				E70A310A2C32CAEC0047C834 /* proj8 */,
				E7AB154E2C32690E0020F7EA /* proj7 */,
				E7AB15302C3197A50020F7EA /* Consolidation3 */,
				E7AB15292C3027110020F7EA /* proj6 */,
				E7AB15112C2FB1360020F7EA /* proj5 */,
				E7AB150B2C2EC1AE0020F7EA /* proj4 */,
				1BA86D342C2BC49F006CEEBB /* WeSplit */,
				1BA86D332C2BC49F006CEEBB /* Products */,
			);
			sourceTree = "<group>";
		};
		1BA86D332C2BC49F006CEEBB /* Products */ = {
			isa = PBXGroup;
			children = (
				1BA86D322C2BC49F006CEEBB /* WeSplit.app */,
			);
			name = Products;
			sourceTree = "<group>";
		};
		1BA86D342C2BC49F006CEEBB /* WeSplit */ = {
			isa = PBXGroup;
			children = (
				E73E68282C3EE7AB00F8B509 /* Info.plist */,
				E7AB15082C2EA1AF0020F7EA /* Consolidation2 */,
				E7AB15032C2E4F080020F7EA /* proj3 */,
				1BA86D472C2D5EAC006CEEBB /* proj2 */,
				1BA86D352C2BC49F006CEEBB /* WeSplitApp.swift */,
				1BA86D372C2BC49F006CEEBB /* ContentView.swift */,
				1B66A48C2C368928007AB923 /* CheckSplit.swift */,
				1BA86D432C2D08DF006CEEBB /* TempConv.swift */,
				1BA86D392C2BC4A1006CEEBB /* Assets.xcassets */,
				1BA86D3B2C2BC4A1006CEEBB /* Preview Content */,
			);
			path = WeSplit;
			sourceTree = "<group>";
		};
		1BA86D3B2C2BC4A1006CEEBB /* Preview Content */ = {
			isa = PBXGroup;
			children = (
				1B105E182C4D248C00245D05 /* resorts.json */,
				1BA3F8942C33DA9800CA5FEA /* missions.json */,
				1BA3F8922C33DA8E00CA5FEA /* astronauts.json */,
				E7AB150F2C2F9EF50020F7EA /* SleepCalculator.mlmodel */,
				1BA86D3C2C2BC4A1006CEEBB /* Preview Assets.xcassets */,
				E7AB15142C2FDCF00020F7EA /* start.txt */,
			);
			path = "Preview Content";
			sourceTree = "<group>";
		};
		1BA86D472C2D5EAC006CEEBB /* proj2 */ = {
			isa = PBXGroup;
			children = (
				1BA86D452C2D3CEB006CEEBB /* GuessTheFlag.swift */,
				1BA86D492C2D6209006CEEBB /* button.swift */,
				E7AB15012C2DA0490020F7EA /* GuessFlag2.swift */,
			);
			path = proj2;
			sourceTree = "<group>";
		};
		1BADF4222C3E88DE009C1711 /* proj14 */ = {
			isa = PBXGroup;
			children = (
				1BADF4232C3E896F009C1711 /* BucketList.swift */,
				1BC25B0F2C4179CE000D5B84 /* MapContentView-ViewModel.swift */,
				1BC25B0D2C412250000D5B84 /* MapResult.swift */,
				1BC25B0B2C40EB92000D5B84 /* EditMapView.swift */,
				1B19082D2C4220550030CCC4 /* EditMapViewModel.swift */,
				E7785C1F2C403EBD0093B728 /* Location.swift */,
				1BADF4252C3E8A7A009C1711 /* UserP14.swift */,
				E73E68222C3EDE7B00F8B509 /* ConditionTest.swift */,
				E73E68242C3EE2B200F8B509 /* MapTest.swift */,
				E73E68262C3EE6CF00F8B509 /* authenticationTest.swift */,
				1BADF4272C3E9173009C1711 /* FileManagerBundle.swift */,
			);
			path = proj14;
			sourceTree = "<group>";
		};
		1BE604452C4575C800656ED6 /* proj17 */ = {
			isa = PBXGroup;
			children = (
				1BE604462C4578AC00656ED6 /* Flashzilla.swift */,
				1B01FA952C4A890A00CA3675 /* EditCard.swift */,
				1BE604482C45793800656ED6 /* GestureTest.swift */,
				1BE6044A2C46C6B800656ED6 /* TimerTest.swift */,
				1B01FA912C47AF0E00CA3675 /* Card.swift */,
				1B01FA932C47B07500CA3675 /* CardView.swift */,
			);
			path = proj17;
			sourceTree = "<group>";
		};
		E70A310A2C32CAEC0047C834 /* proj8 */ = {
			isa = PBXGroup;
			children = (
				E70A310B2C32CB960047C834 /* proj8test.swift */,
				E70A310D2C32F27E0047C834 /* proj8test2.swift */,
				1BA3F89C2C33DCF300CA5FEA /* Astronaut.swift */,
				1BA3F89E2C33DD2000CA5FEA /*  Bundle-Decodable.swift */,
				1BA3F8A02C33DEF900CA5FEA /* Moonshot.swift */,
				1BA3F8A42C33EEF300CA5FEA /* Color-Theme.swift */,
				1BA3F8A22C33E2C600CA5FEA /* Mission.swift */,
				1BA3F8A62C33F36F00CA5FEA /* MissionView.swift */,
				1BA3F8AA2C34010600CA5FEA /* AstronautView.swift */,
			);
			path = proj8;
			sourceTree = "<group>";
		};
		E7AB15032C2E4F080020F7EA /* proj3 */ = {
			isa = PBXGroup;
			children = (
				E7AB15042C2E4F1C0020F7EA /* ViewsAndModifiers.swift */,
				E7AB15062C2E84820020F7EA /* CustomContainer.swift */,
			);
			path = proj3;
			sourceTree = "<group>";
		};
		E7AB15082C2EA1AF0020F7EA /* Consolidation2 */ = {
			isa = PBXGroup;
			children = (
				E7AB15092C2EA1D30020F7EA /* challeng_c2.swift */,
			);
			path = Consolidation2;
			sourceTree = "<group>";
		};
		E7AB150B2C2EC1AE0020F7EA /* proj4 */ = {
			isa = PBXGroup;
			children = (
				E7AB150C2C2EC1F20020F7EA /* BetterRest */,
			);
			path = proj4;
			sourceTree = "<group>";
		};
		E7AB150C2C2EC1F20020F7EA /* BetterRest */ = {
			isa = PBXGroup;
			children = (
				E7AB150D2C2ECA7B0020F7EA /* BetterRest.swift */,
			);
			path = BetterRest;
			sourceTree = "<group>";
		};
		E7AB15112C2FB1360020F7EA /* proj5 */ = {
			isa = PBXGroup;
			children = (
				E7AB15122C2FB1590020F7EA /* WordScramble.swift */,
			);
			path = proj5;
			sourceTree = "<group>";
		};
		E7AB15292C3027110020F7EA /* proj6 */ = {
			isa = PBXGroup;
			children = (
				E7AB152A2C3027280020F7EA /* AnimationTest.swift */,
				E7AB152C2C3137BC0020F7EA /* AnimationTest2.swift */,
				E7AB152E2C31462A0020F7EA /* proj6ch.swift */,
			);
			path = proj6;
			sourceTree = "<group>";
		};
		E7AB15302C3197A50020F7EA /* Consolidation3 */ = {
			isa = PBXGroup;
			children = (
				E7AB15312C3197C40020F7EA /* Consolidation3Test.swift */,
			);
			path = Consolidation3;
			sourceTree = "<group>";
		};
		E7AB154E2C32690E0020F7EA /* proj7 */ = {
			isa = PBXGroup;
			children = (
				E7AB154F2C3269210020F7EA /* iExpense.swift */,
				E7AB15512C32B1550020F7EA /* iExprense2.swift */,
				E7AB15532C32B90F0020F7EA /* AddView.swift */,
			);
			path = proj7;
			sourceTree = "<group>";
		};
		E7C13B942C3423E8007AA957 /* proj9 */ = {
			isa = PBXGroup;
			children = (
				E7C13B952C3428D3007AA957 /* proj9NavigationTest.swift */,
				1B0344E32C34F6B00049A645 /* proj9navigationtest3.swift */,
				E7C13B972C345D50007AA957 /* proj9NavigationTest2.swift */,
				1B0344E52C34FF1D0049A645 /* proj9ch4iExpense.swift */,
				1B0344E92C350E4C0049A645 /* proj9ch4moonshot.swift */,
				1B0344E72C3502F60049A645 /* ttttt.swift */,
			);
			path = proj9;
			sourceTree = "<group>";
		};
		E7CE1E392C3596D200698D66 /* proj10 */ = {
			isa = PBXGroup;
			children = (
				E7CE1E3A2C35973100698D66 /* CupcakeCorner.swift */,
				1B66A47F2C36520B007AB923 /* CheckoutView.swift */,
				1B66A47D2C364D89007AB923 /* AddressView.swift */,
				E7CE1E3C2C359A1700698D66 /* proj10networktest1.swift */,
				1BC2219C2C36457A00771475 /* proj10networktest2.swift */,
				1B66A4792C364B8C007AB923 /* Order.swift */,
			);
			path = proj10;
			sourceTree = "<group>";
		};
		E7DB29B22C3E112800D23D04 /* proj13 */ = {
			isa = PBXGroup;
			children = (
				E7DB29B32C3E113A00D23D04 /* Instafilter.swift */,
				E7DB29B52C3E11A000D23D04 /* proj13test1.swift */,
				E7DB29B72C3E217100D23D04 /* CoreImageTest.swift */,
				1BADF41E2C3E5DC3009C1711 /* PhotoLibTest.swift */,
				1BADF4202C3E6E6A009C1711 /* PhotoShareTest.swift */,
			);
			path = proj13;
			sourceTree = "<group>";
		};
/* End PBXGroup section */

/* Begin PBXNativeTarget section */
		1BA86D312C2BC49F006CEEBB /* WeSplit */ = {
			isa = PBXNativeTarget;
			buildConfigurationList = 1BA86D402C2BC4A1006CEEBB /* Build configuration list for PBXNativeTarget "WeSplit" */;
			buildPhases = (
				1BA86D2E2C2BC49F006CEEBB /* Sources */,
				1BA86D2F2C2BC49F006CEEBB /* Frameworks */,
				1BA86D302C2BC49F006CEEBB /* Resources */,
			);
			buildRules = (
			);
			dependencies = (
			);
			name = WeSplit;
			packageProductDependencies = (
				1B05BAFF2C44322200396FEF /* SamplePackage */,
				1B05BB082C44F4E600396FEF /* CodeScanner */,
			);
			productName = WeSplit;
			productReference = 1BA86D322C2BC49F006CEEBB /* WeSplit.app */;
			productType = "com.apple.product-type.application";
		};
/* End PBXNativeTarget section */

/* Begin PBXProject section */
		1BA86D2A2C2BC49F006CEEBB /* Project object */ = {
			isa = PBXProject;
			attributes = {
				BuildIndependentTargetsInParallel = 1;
				LastSwiftUpdateCheck = 1540;
				LastUpgradeCheck = 1540;
				TargetAttributes = {
					1BA86D312C2BC49F006CEEBB = {
						CreatedOnToolsVersion = 15.4;
					};
				};
			};
			buildConfigurationList = 1BA86D2D2C2BC49F006CEEBB /* Build configuration list for PBXProject "WeSplit" */;
			compatibilityVersion = "Xcode 14.0";
			developmentRegion = en;
			hasScannedForEncodings = 0;
			knownRegions = (
				en,
				Base,
			);
			mainGroup = 1BA86D292C2BC49F006CEEBB;
			packageReferences = (
				1B05BAFD2C44317800396FEF /* XCRemoteSwiftPackageReference "swift-algorithms" */,
				1B05BAFE2C44322200396FEF /* XCRemoteSwiftPackageReference "SamplePackage" */,
				1B05BB072C44F4E600396FEF /* XCRemoteSwiftPackageReference "CodeScanner" */,
			);
			productRefGroup = 1BA86D332C2BC49F006CEEBB /* Products */;
			projectDirPath = "";
			projectRoot = "";
			targets = (
				1BA86D312C2BC49F006CEEBB /* WeSplit */,
			);
		};
/* End PBXProject section */

/* Begin PBXResourcesBuildPhase section */
		1BA86D302C2BC49F006CEEBB /* Resources */ = {
			isa = PBXResourcesBuildPhase;
			buildActionMask = 2147483647;
			files = (
				1B105E192C4D248C00245D05 /* resorts.json in Resources */,
				1BA86D3D2C2BC4A1006CEEBB /* Preview Assets.xcassets in Resources */,
				1BA3F8952C33DA9800CA5FEA /* missions.json in Resources */,
				E7AB15152C2FDCF00020F7EA /* start.txt in Resources */,
				1BA86D3A2C2BC4A1006CEEBB /* Assets.xcassets in Resources */,
				1BA3F8932C33DA8E00CA5FEA /* astronauts.json in Resources */,
			);
			runOnlyForDeploymentPostprocessing = 0;
		};
/* End PBXResourcesBuildPhase section */

/* Begin PBXSourcesBuildPhase section */
		1BA86D2E2C2BC49F006CEEBB /* Sources */ = {
			isa = PBXSourcesBuildPhase;
			buildActionMask = 2147483647;
			files = (
				1BADF4262C3E8A7A009C1711 /* UserP14.swift in Sources */,
				1BA86D442C2D08DF006CEEBB /* TempConv.swift in Sources */,
				1BA86D4A2C2D6209006CEEBB /* button.swift in Sources */,
				1B05BAF42C43E16B00396FEF /* HotProspects.swift in Sources */,
				E7AB15132C2FB1590020F7EA /* WordScramble.swift in Sources */,
				1B4D7DBE2C378E71006CDD0D /* SwiftDataProject.swift in Sources */,
				1B66A4892C367F68007AB923 /* TextEditorTest.swift in Sources */,
				1BC25B102C4179CE000D5B84 /* MapContentView-ViewModel.swift in Sources */,
				1B01FA9F2C4B9B3B00CA3675 /* PositionTest.swift in Sources */,
				1BA3F89D2C33DCF300CA5FEA /* Astronaut.swift in Sources */,
				1BA86D382C2BC49F006CEEBB /* ContentView.swift in Sources */,
				1B05BAF82C43F5F600396FEF /* resulttest.swift in Sources */,
				1B0344E62C34FF1D0049A645 /* proj9ch4iExpense.swift in Sources */,
				E73E68232C3EDE7B00F8B509 /* ConditionTest.swift in Sources */,
				1B01FAA52C4BB49000CA3675 /* GeometryReaderTest3.swift in Sources */,
				1BADF4282C3E9173009C1711 /* FileManagerBundle.swift in Sources */,
				1B05BB022C44BD1C00396FEF /* ProspectsView.swift in Sources */,
				1B01FA992C4B84B500CA3675 /* LayoutAndGeometry.swift in Sources */,
				E7C13B982C345D50007AA957 /* proj9NavigationTest2.swift in Sources */,
				E7AB15502C3269210020F7EA /* iExpense.swift in Sources */,
				1B01FAB92C4CD65900CA3675 /* ObservableTest.swift in Sources */,
				E7AB152B2C3027280020F7EA /* AnimationTest.swift in Sources */,
				1BE604442C45591A00656ED6 /* ProspectsDetailView.swift in Sources */,
				E7AB15522C32B1550020F7EA /* iExprense2.swift in Sources */,
				1B01FAB02C4C0B4600CA3675 /* RollDice.swift in Sources */,
				1B01FA9D2C4B964B00CA3675 /* AlignmentTest.swift in Sources */,
				1BADF4212C3E6E6A009C1711 /* PhotoShareTest.swift in Sources */,
				1B05BB062C44D50100396FEF /* MeView.swift in Sources */,
				1B105E1F2C4E521600245D05 /* ResortView.swift in Sources */,
				1B01FA962C4A890A00CA3675 /* EditCard.swift in Sources */,
				1BA3F89F2C33DD2000CA5FEA /*  Bundle-Decodable.swift in Sources */,
				1BADF41F2C3E5DC3009C1711 /* PhotoLibTest.swift in Sources */,
				1B19082E2C4220550030CCC4 /* EditMapViewModel.swift in Sources */,
				E73E68252C3EE2B200F8B509 /* MapTest.swift in Sources */,
				E7AB150E2C2ECA7B0020F7EA /* BetterRest.swift in Sources */,
				1B4D7D9B2C369D04006CDD0D /* RatingView.swift in Sources */,
				1B01FAA32C4BB00900CA3675 /* GeometryReaderTest2.swift in Sources */,
				1B105E212C4E540A00245D05 /* SkiDetailsView.swift in Sources */,
				1B66A48B2C36822C007AB923 /* Student.swift in Sources */,
				E7AB150A2C2EA1D30020F7EA /* challeng_c2.swift in Sources */,
				1B105E232C4E547000245D05 /* ResortDetailsView.swift in Sources */,
				E7AB152F2C31462A0020F7EA /* proj6ch.swift in Sources */,
				E70A310E2C32F27E0047C834 /* proj8test2.swift in Sources */,
				1B0344EA2C350E4C0049A645 /* proj9ch4moonshot.swift in Sources */,
				1B4D7DC42C37A6C5006CDD0D /* UsersView.swift in Sources */,
				1BC25B0C2C40EB92000D5B84 /* EditMapView.swift in Sources */,
				1BE6044B2C46C6B800656ED6 /* TimerTest.swift in Sources */,
				1BE604472C4578AC00656ED6 /* Flashzilla.swift in Sources */,
				1B4D7DBB2C36A1BB006CDD0D /* DetailView.swift in Sources */,
				1BA3F8A52C33EEF300CA5FEA /* Color-Theme.swift in Sources */,
				E7AB15542C32B90F0020F7EA /* AddView.swift in Sources */,
				1B4D7D7B2C369642006CDD0D /* Book.swift in Sources */,
				E7CE1E3D2C359A1700698D66 /* proj10networktest1.swift in Sources */,
				1B0344E42C34F6B00049A645 /* proj9navigationtest3.swift in Sources */,
				1BC25B0E2C412250000D5B84 /* MapResult.swift in Sources */,
				1B0344ED2C35431C0049A645 /* HabitTracker.swift in Sources */,
				E7AB15052C2E4F1C0020F7EA /* ViewsAndModifiers.swift in Sources */,
				1B01FAA12C4BA25800CA3675 /* GeometryReaderTest.swift in Sources */,
				E7C13B962C3428D3007AA957 /* proj9NavigationTest.swift in Sources */,
				1B6B8ED22C3CF19200DBDDCD /* UserC5.swift in Sources */,
				1B05BAF62C43E58A00396FEF /* SelectTest.swift in Sources */,
				1BA86D362C2BC49F006CEEBB /* WeSplitApp.swift in Sources */,
				1B35542C2C4257C80015BE5D /* OviceTest2.swift in Sources */,
				1B4D7DC02C37A30B006CDD0D /* User.swift in Sources */,
				1B105E1B2C4D256B00245D05 /* Resort.swift in Sources */,
				1B776B032C427CC200BFD0BE /* PicAnnotateViewModel.swift in Sources */,
				E7CE1E3B2C35973100698D66 /* CupcakeCorner.swift in Sources */,
				1BA3F8A12C33DEF900CA5FEA /* Moonshot.swift in Sources */,
				1B01FAAA2C4C0AC700CA3675 /* RollResultsView.swift in Sources */,
				1B01FA9B2C4B896F00CA3675 /* LayoutTest.swift in Sources */,
				1B6B8ED62C3D09F800DBDDCD /* FriendFaceShow.swift in Sources */,
				1BE604492C45793800656ED6 /* GestureTest.swift in Sources */,
				1B01FAB72C4CBB4B00CA3675 /* AlertSheetTest.swift in Sources */,
				1B4D7D9D2C369FCC006CDD0D /* EmojiRatingView.swift in Sources */,
				1B6B8ED82C3D0BAA00DBDDCD /* UserC15View.swift in Sources */,
				E70A310C2C32CB960047C834 /* proj8test.swift in Sources */,
				1B776B012C427C9600BFD0BE /* PicAnnotate.swift in Sources */,
				E7AB15022C2DA0490020F7EA /* GuessFlag2.swift in Sources */,
				1B01FA942C47B07500CA3675 /* CardView.swift in Sources */,
				1B01FAAC2C4C0AFC00CA3675 /* GameResults.swift in Sources */,
				1B66A4872C367BD5007AB923 /* bingtest.swift in Sources */,
				E7AB15102C2F9EF50020F7EA /* SleepCalculator.mlmodel in Sources */,
				1B66A47E2C364D89007AB923 /* AddressView.swift in Sources */,
				1B66A4802C36520B007AB923 /* CheckoutView.swift in Sources */,
				E7AB15322C3197C40020F7EA /* Consolidation3Test.swift in Sources */,
				1B4D7DC22C37A393006CDD0D /* EditUserP12View.swift in Sources */,
				1B105E1D2C4E519600245D05 /* WelcomeView.swift in Sources */,
				1B66A48D2C368928007AB923 /* CheckSplit.swift in Sources */,
				E7AB152D2C3137BC0020F7EA /* AnimationTest2.swift in Sources */,
				1B01FA922C47AF0E00CA3675 /* Card.swift in Sources */,
				1B5DCA042C50018900D1DEB2 /* Favorites.swift in Sources */,
				E7DB29B62C3E11A000D23D04 /* proj13test1.swift in Sources */,
				1BA3F8A72C33F36F00CA5FEA /* MissionView.swift in Sources */,
				1B35542A2C422C060015BE5D /* OviceTest.swift in Sources */,
				1B98B3F62C37C554008FBE90 /* iExprenseSD.swift in Sources */,
				E7AB15072C2E84820020F7EA /* CustomContainer.swift in Sources */,
				E7DB29B82C3E217100D23D04 /* CoreImageTest.swift in Sources */,
				1B01FAB32C4C0EC000CA3675 /* SnowSeeker.swift in Sources */,
				1B01FAAE2C4C0B1900CA3675 /* FileManager-Extension.swift in Sources */,
				1B0344E82C3502F60049A645 /* ttttt.swift in Sources */,
				1B35542E2C425A250015BE5D /* GuessFlag3.swift in Sources */,
				1B01FAB52C4C167A00CA3675 /* ViewSplitTest.swift in Sources */,
				1B05BB042C44BF6F00396FEF /* Prospect.swift in Sources */,
				E7785C202C403EBD0093B728 /* Location.swift in Sources */,
				1B3554302C425C410015BE5D /* WordScramble2.swift in Sources */,
				1BA3F8AB2C34010600CA5FEA /* AstronautView.swift in Sources */,
				1B66A4832C3678DF007AB923 /* Bookworm.swift in Sources */,
				1B5DCA022C4FFF5400D1DEB2 /* Facility.swift in Sources */,
				1B05BAFC2C44293600396FEF /* rowswipetest.swift in Sources */,
				1B4D7D992C369842006CDD0D /* AddBookView.swift in Sources */,
				1BA3F8A32C33E2C600CA5FEA /* Mission.swift in Sources */,
				1B66A47A2C364B8C007AB923 /* Order.swift in Sources */,
				E7DB29B42C3E113A00D23D04 /* Instafilter.swift in Sources */,
				1BADF4242C3E896F009C1711 /* BucketList.swift in Sources */,
				1BA86D462C2D3CEB006CEEBB /* GuessTheFlag.swift in Sources */,
				1BC2219D2C36457A00771475 /* proj10networktest2.swift in Sources */,
				E73E68272C3EE6CF00F8B509 /* authenticationTest.swift in Sources */,
			);
			runOnlyForDeploymentPostprocessing = 0;
		};
/* End PBXSourcesBuildPhase section */

/* Begin XCBuildConfiguration section */
		1BA86D3E2C2BC4A1006CEEBB /* Debug */ = {
			isa = XCBuildConfiguration;
			buildSettings = {
				ALWAYS_SEARCH_USER_PATHS = NO;
				ASSETCATALOG_COMPILER_GENERATE_SWIFT_ASSET_SYMBOL_EXTENSIONS = YES;
				CLANG_ANALYZER_NONNULL = YES;
				CLANG_ANALYZER_NUMBER_OBJECT_CONVERSION = YES_AGGRESSIVE;
				CLANG_CXX_LANGUAGE_STANDARD = "gnu++20";
				CLANG_ENABLE_MODULES = YES;
				CLANG_ENABLE_OBJC_ARC = YES;
				CLANG_ENABLE_OBJC_WEAK = YES;
				CLANG_WARN_BLOCK_CAPTURE_AUTORELEASING = YES;
				CLANG_WARN_BOOL_CONVERSION = YES;
				CLANG_WARN_COMMA = YES;
				CLANG_WARN_CONSTANT_CONVERSION = YES;
				CLANG_WARN_DEPRECATED_OBJC_IMPLEMENTATIONS = YES;
				CLANG_WARN_DIRECT_OBJC_ISA_USAGE = YES_ERROR;
				CLANG_WARN_DOCUMENTATION_COMMENTS = YES;
				CLANG_WARN_EMPTY_BODY = YES;
				CLANG_WARN_ENUM_CONVERSION = YES;
				CLANG_WARN_INFINITE_RECURSION = YES;
				CLANG_WARN_INT_CONVERSION = YES;
				CLANG_WARN_NON_LITERAL_NULL_CONVERSION = YES;
				CLANG_WARN_OBJC_IMPLICIT_RETAIN_SELF = YES;
				CLANG_WARN_OBJC_LITERAL_CONVERSION = YES;
				CLANG_WARN_OBJC_ROOT_CLASS = YES_ERROR;
				CLANG_WARN_QUOTED_INCLUDE_IN_FRAMEWORK_HEADER = YES;
				CLANG_WARN_RANGE_LOOP_ANALYSIS = YES;
				CLANG_WARN_STRICT_PROTOTYPES = YES;
				CLANG_WARN_SUSPICIOUS_MOVE = YES;
				CLANG_WARN_UNGUARDED_AVAILABILITY = YES_AGGRESSIVE;
				CLANG_WARN_UNREACHABLE_CODE = YES;
				CLANG_WARN__DUPLICATE_METHOD_MATCH = YES;
				COPY_PHASE_STRIP = NO;
				DEBUG_INFORMATION_FORMAT = dwarf;
				ENABLE_STRICT_OBJC_MSGSEND = YES;
				ENABLE_TESTABILITY = YES;
				ENABLE_USER_SCRIPT_SANDBOXING = YES;
				GCC_C_LANGUAGE_STANDARD = gnu17;
				GCC_DYNAMIC_NO_PIC = NO;
				GCC_NO_COMMON_BLOCKS = YES;
				GCC_OPTIMIZATION_LEVEL = 0;
				GCC_PREPROCESSOR_DEFINITIONS = (
					"DEBUG=1",
					"$(inherited)",
				);
				GCC_WARN_64_TO_32_BIT_CONVERSION = YES;
				GCC_WARN_ABOUT_RETURN_TYPE = YES_ERROR;
				GCC_WARN_UNDECLARED_SELECTOR = YES;
				GCC_WARN_UNINITIALIZED_AUTOS = YES_AGGRESSIVE;
				GCC_WARN_UNUSED_FUNCTION = YES;
				GCC_WARN_UNUSED_VARIABLE = YES;
				IPHONEOS_DEPLOYMENT_TARGET = 17.5;
				LOCALIZATION_PREFERS_STRING_CATALOGS = YES;
				MTL_ENABLE_DEBUG_INFO = INCLUDE_SOURCE;
				MTL_FAST_MATH = YES;
				ONLY_ACTIVE_ARCH = YES;
				SDKROOT = iphoneos;
				SWIFT_ACTIVE_COMPILATION_CONDITIONS = "DEBUG $(inherited)";
				SWIFT_OPTIMIZATION_LEVEL = "-Onone";
			};
			name = Debug;
		};
		1BA86D3F2C2BC4A1006CEEBB /* Release */ = {
			isa = XCBuildConfiguration;
			buildSettings = {
				ALWAYS_SEARCH_USER_PATHS = NO;
				ASSETCATALOG_COMPILER_GENERATE_SWIFT_ASSET_SYMBOL_EXTENSIONS = YES;
				CLANG_ANALYZER_NONNULL = YES;
				CLANG_ANALYZER_NUMBER_OBJECT_CONVERSION = YES_AGGRESSIVE;
				CLANG_CXX_LANGUAGE_STANDARD = "gnu++20";
				CLANG_ENABLE_MODULES = YES;
				CLANG_ENABLE_OBJC_ARC = YES;
				CLANG_ENABLE_OBJC_WEAK = YES;
				CLANG_WARN_BLOCK_CAPTURE_AUTORELEASING = YES;
				CLANG_WARN_BOOL_CONVERSION = YES;
				CLANG_WARN_COMMA = YES;
				CLANG_WARN_CONSTANT_CONVERSION = YES;
				CLANG_WARN_DEPRECATED_OBJC_IMPLEMENTATIONS = YES;
				CLANG_WARN_DIRECT_OBJC_ISA_USAGE = YES_ERROR;
				CLANG_WARN_DOCUMENTATION_COMMENTS = YES;
				CLANG_WARN_EMPTY_BODY = YES;
				CLANG_WARN_ENUM_CONVERSION = YES;
				CLANG_WARN_INFINITE_RECURSION = YES;
				CLANG_WARN_INT_CONVERSION = YES;
				CLANG_WARN_NON_LITERAL_NULL_CONVERSION = YES;
				CLANG_WARN_OBJC_IMPLICIT_RETAIN_SELF = YES;
				CLANG_WARN_OBJC_LITERAL_CONVERSION = YES;
				CLANG_WARN_OBJC_ROOT_CLASS = YES_ERROR;
				CLANG_WARN_QUOTED_INCLUDE_IN_FRAMEWORK_HEADER = YES;
				CLANG_WARN_RANGE_LOOP_ANALYSIS = YES;
				CLANG_WARN_STRICT_PROTOTYPES = YES;
				CLANG_WARN_SUSPICIOUS_MOVE = YES;
				CLANG_WARN_UNGUARDED_AVAILABILITY = YES_AGGRESSIVE;
				CLANG_WARN_UNREACHABLE_CODE = YES;
				CLANG_WARN__DUPLICATE_METHOD_MATCH = YES;
				COPY_PHASE_STRIP = NO;
				DEBUG_INFORMATION_FORMAT = "dwarf-with-dsym";
				ENABLE_NS_ASSERTIONS = NO;
				ENABLE_STRICT_OBJC_MSGSEND = YES;
				ENABLE_USER_SCRIPT_SANDBOXING = YES;
				GCC_C_LANGUAGE_STANDARD = gnu17;
				GCC_NO_COMMON_BLOCKS = YES;
				GCC_WARN_64_TO_32_BIT_CONVERSION = YES;
				GCC_WARN_ABOUT_RETURN_TYPE = YES_ERROR;
				GCC_WARN_UNDECLARED_SELECTOR = YES;
				GCC_WARN_UNINITIALIZED_AUTOS = YES_AGGRESSIVE;
				GCC_WARN_UNUSED_FUNCTION = YES;
				GCC_WARN_UNUSED_VARIABLE = YES;
				IPHONEOS_DEPLOYMENT_TARGET = 17.5;
				LOCALIZATION_PREFERS_STRING_CATALOGS = YES;
				MTL_ENABLE_DEBUG_INFO = NO;
				MTL_FAST_MATH = YES;
				SDKROOT = iphoneos;
				SWIFT_COMPILATION_MODE = wholemodule;
				VALIDATE_PRODUCT = YES;
			};
			name = Release;
		};
		1BA86D412C2BC4A1006CEEBB /* Debug */ = {
			isa = XCBuildConfiguration;
			buildSettings = {
				ASSETCATALOG_COMPILER_APPICON_NAME = AppIcon;
				ASSETCATALOG_COMPILER_GLOBAL_ACCENT_COLOR_NAME = AccentColor;
				CODE_SIGN_STYLE = Automatic;
				CURRENT_PROJECT_VERSION = 1;
				DEVELOPMENT_ASSET_PATHS = "\"WeSplit/Preview Content\"";
				DEVELOPMENT_TEAM = NVJ3577YKF;
				ENABLE_PREVIEWS = YES;
				GENERATE_INFOPLIST_FILE = YES;
				INFOPLIST_FILE = WeSplit/Info.plist;
				INFOPLIST_KEY_CFBundleDisplayName = "";
				INFOPLIST_KEY_LSApplicationCategoryType = "";
				INFOPLIST_KEY_NSCameraUsageDescription = "We need to scan QR codes.";
				INFOPLIST_KEY_NSFaceIDUsageDescription = "\"We need to unlock your data\"";
				INFOPLIST_KEY_NSPhotoLibraryAddUsageDescription = "We want to save your QR code.";
				INFOPLIST_KEY_UIApplicationSceneManifest_Generation = YES;
				INFOPLIST_KEY_UIApplicationSupportsIndirectInputEvents = YES;
				INFOPLIST_KEY_UILaunchScreen_Generation = YES;
				INFOPLIST_KEY_UISupportedInterfaceOrientations_iPad = "UIInterfaceOrientationPortrait UIInterfaceOrientationPortraitUpsideDown UIInterfaceOrientationLandscapeLeft UIInterfaceOrientationLandscapeRight";
				INFOPLIST_KEY_UISupportedInterfaceOrientations_iPhone = "UIInterfaceOrientationLandscapeLeft UIInterfaceOrientationLandscapeRight";
				LD_RUNPATH_SEARCH_PATHS = (
					"$(inherited)",
					"@executable_path/Frameworks",
				);
				MARKETING_VERSION = 1.0;
				PRODUCT_BUNDLE_IDENTIFIER = K.WeSplit;
				PRODUCT_NAME = "$(TARGET_NAME)";
				SWIFT_EMIT_LOC_STRINGS = YES;
				SWIFT_VERSION = 5.0;
				TARGETED_DEVICE_FAMILY = "1,2";
			};
			name = Debug;
		};
		1BA86D422C2BC4A1006CEEBB /* Release */ = {
			isa = XCBuildConfiguration;
			buildSettings = {
				ASSETCATALOG_COMPILER_APPICON_NAME = AppIcon;
				ASSETCATALOG_COMPILER_GLOBAL_ACCENT_COLOR_NAME = AccentColor;
				CODE_SIGN_STYLE = Automatic;
				CURRENT_PROJECT_VERSION = 1;
				DEVELOPMENT_ASSET_PATHS = "\"WeSplit/Preview Content\"";
				DEVELOPMENT_TEAM = NVJ3577YKF;
				ENABLE_PREVIEWS = YES;
				GENERATE_INFOPLIST_FILE = YES;
				INFOPLIST_FILE = WeSplit/Info.plist;
				INFOPLIST_KEY_CFBundleDisplayName = "";
				INFOPLIST_KEY_LSApplicationCategoryType = "";
				INFOPLIST_KEY_NSCameraUsageDescription = "We need to scan QR codes.";
				INFOPLIST_KEY_NSFaceIDUsageDescription = "\"We need to unlock your data\"";
				INFOPLIST_KEY_NSPhotoLibraryAddUsageDescription = "We want to save your QR code.";
				INFOPLIST_KEY_UIApplicationSceneManifest_Generation = YES;
				INFOPLIST_KEY_UIApplicationSupportsIndirectInputEvents = YES;
				INFOPLIST_KEY_UILaunchScreen_Generation = YES;
				INFOPLIST_KEY_UISupportedInterfaceOrientations_iPad = "UIInterfaceOrientationPortrait UIInterfaceOrientationPortraitUpsideDown UIInterfaceOrientationLandscapeLeft UIInterfaceOrientationLandscapeRight";
				INFOPLIST_KEY_UISupportedInterfaceOrientations_iPhone = "UIInterfaceOrientationLandscapeLeft UIInterfaceOrientationLandscapeRight";
				LD_RUNPATH_SEARCH_PATHS = (
					"$(inherited)",
					"@executable_path/Frameworks",
				);
				MARKETING_VERSION = 1.0;
				PRODUCT_BUNDLE_IDENTIFIER = K.WeSplit;
				PRODUCT_NAME = "$(TARGET_NAME)";
				SWIFT_EMIT_LOC_STRINGS = YES;
				SWIFT_VERSION = 5.0;
				TARGETED_DEVICE_FAMILY = "1,2";
			};
			name = Release;
		};
/* End XCBuildConfiguration section */

/* Begin XCConfigurationList section */
		1BA86D2D2C2BC49F006CEEBB /* Build configuration list for PBXProject "WeSplit" */ = {
			isa = XCConfigurationList;
			buildConfigurations = (
				1BA86D3E2C2BC4A1006CEEBB /* Debug */,
				1BA86D3F2C2BC4A1006CEEBB /* Release */,
			);
			defaultConfigurationIsVisible = 0;
			defaultConfigurationName = Release;
		};
		1BA86D402C2BC4A1006CEEBB /* Build configuration list for PBXNativeTarget "WeSplit" */ = {
			isa = XCConfigurationList;
			buildConfigurations = (
				1BA86D412C2BC4A1006CEEBB /* Debug */,
				1BA86D422C2BC4A1006CEEBB /* Release */,
			);
			defaultConfigurationIsVisible = 0;
			defaultConfigurationName = Release;
		};
/* End XCConfigurationList section */

/* Begin XCRemoteSwiftPackageReference section */
		1B05BAFD2C44317800396FEF /* XCRemoteSwiftPackageReference "swift-algorithms" */ = {
			isa = XCRemoteSwiftPackageReference;
			repositoryURL = "https://github.com/apple/swift-algorithms.git";
			requirement = {
				kind = upToNextMajorVersion;
				minimumVersion = 1.2.0;
			};
		};
		1B05BAFE2C44322200396FEF /* XCRemoteSwiftPackageReference "SamplePackage" */ = {
			isa = XCRemoteSwiftPackageReference;
			repositoryURL = "https://github.com/twostraws/SamplePackage";
			requirement = {
				kind = upToNextMajorVersion;
				minimumVersion = 1.0.0;
			};
		};
		1B05BB072C44F4E600396FEF /* XCRemoteSwiftPackageReference "CodeScanner" */ = {
			isa = XCRemoteSwiftPackageReference;
			repositoryURL = "https://github.com/twostraws/CodeScanner";
			requirement = {
				kind = upToNextMajorVersion;
				minimumVersion = 2.5.0;
			};
		};
/* End XCRemoteSwiftPackageReference section */

/* Begin XCSwiftPackageProductDependency section */
		1B05BAFF2C44322200396FEF /* SamplePackage */ = {
			isa = XCSwiftPackageProductDependency;
			package = 1B05BAFE2C44322200396FEF /* XCRemoteSwiftPackageReference "SamplePackage" */;
			productName = SamplePackage;
		};
		1B05BB082C44F4E600396FEF /* CodeScanner */ = {
			isa = XCSwiftPackageProductDependency;
			package = 1B05BB072C44F4E600396FEF /* XCRemoteSwiftPackageReference "CodeScanner" */;
			productName = CodeScanner;
		};
/* End XCSwiftPackageProductDependency section */
	};
	rootObject = 1BA86D2A2C2BC49F006CEEBB /* Project object */;
}
